{
  "object": {
    "pins": [
      {
        "package": "Apollo",
        "repositoryURL": "https://github.com/apollographql/apollo-ios.git",
        "state": {
          "branch": null,
          "revision": "08a41bad4ebf76ae8e4efebf26862a42084b7786",
          "version": "0.51.2"
        }
      },
      {
        "package": "async-http-client",
        "repositoryURL": "https://github.com/swift-server/async-http-client.git",
        "state": {
          "branch": null,
          "revision": "7a4dfe026f6ee0f8ad741b58df74c60af296365d",
          "version": "1.9.0"
        }
      },
      {
        "package": "Down",
        "repositoryURL": "https://github.com/johnxnguyen/Down",
        "state": {
          "branch": null,
          "revision": "f34b166be1f1db4aa8f573067e901d72f2a6be57",
          "version": "0.11.0"
        }
      },
      {
        "package": "FMDB",
        "repositoryURL": "https://github.com/ccgus/fmdb",
        "state": {
          "branch": null,
          "revision": "61e51fde7f7aab6554f30ab061cc588b28a97d04",
          "version": "2.7.7"
        }
      },
      {
        "package": "Kingfisher",
        "repositoryURL": "https://github.com/onevcat/Kingfisher.git",
        "state": {
          "branch": "fix/xcode-13",
          "revision": "f012224344f09421588a28e9f6259968e3574f8b",
          "version": null
        }
      },
      {
        "package": "Lottie",
        "repositoryURL": "https://github.com/airbnb/lottie-ios.git",
        "state": {
          "branch": null,
          "revision": "4a6058cbbdfe4f74aeae92c8bd51ad3b0de2a1ee",
          "version": "3.3.0"
        }
      },
      {
        "package": "Sails",
        "repositoryURL": "https://github.com/jacobsimeon/Sails.git",
        "state": {
          "branch": "master",
          "revision": "3cf042a68cd9556fb845315217c69d5c4422285f",
          "version": null
        }
      },
      {
        "package": "Sentry",
        "repositoryURL": "https://github.com/getsentry/sentry-cocoa.git",
        "state": {
          "branch": null,
          "revision": "0c9efc707a8a62b8b6a6fb03431cc74a9ea8cc51",
          "version": "7.11.0"
        }
      },
      {
        "package": "SnowplowTracker",
        "repositoryURL": "https://github.com/snowplow/snowplow-objc-tracker",
        "state": {
          "branch": null,
          "revision": "805dfc4aab4fd23c417677a5198a8860998f7f5a",
          "version": "2.2.2"
        }
      },
      {
        "package": "SQLite.swift",
        "repositoryURL": "https://github.com/stephencelis/SQLite.swift.git",
        "state": {
          "branch": null,
          "revision": "4d543d811ee644fa4cc4bfa0be996b4dd6ba0f54",
          "version": "0.13.3"
        }
      },
      {
        "package": "swift-argument-parser",
        "repositoryURL": "https://github.com/apple/swift-argument-parser.git",
        "state": {
          "branch": null,
          "revision": "9564d61b08a5335ae0a36f789a7d71493eacadfc",
          "version": "0.3.2"
        }
      },
      {
        "package": "swift-log",
        "repositoryURL": "https://github.com/apple/swift-log.git",
        "state": {
          "branch": null,
          "revision": "5d66f7ba25daf4f94100e7022febf3c75e37a6c7",
          "version": "1.4.2"
        }
      },
      {
        "package": "swift-nio",
        "repositoryURL": "https://github.com/apple/swift-nio.git",
        "state": {
          "branch": null,
          "revision": "d6e3762e0a5f7ede652559f53623baf11006e17c",
          "version": "2.39.0"
        }
      },
      {
        "package": "swift-nio-extras",
        "repositoryURL": "https://github.com/apple/swift-nio-extras.git",
        "state": {
          "branch": null,
          "revision": "f73ca5ee9c6806800243f1ac415fcf82de9a4c91",
          "version": "1.10.2"
        }
      },
      {
        "package": "swift-nio-http2",
        "repositoryURL": "https://github.com/apple/swift-nio-http2.git",
        "state": {
          "branch": null,
          "revision": "50c25c132b140e62b45e90b5a76f13ded02c8a46",
          "version": "1.20.1"
        }
      },
      {
        "package": "swift-nio-ssl",
        "repositoryURL": "https://github.com/apple/swift-nio-ssl.git",
        "state": {
          "branch": null,
          "revision": "b5260a31c2a72a89fa684f5efb3054d8725a2316",
          "version": "2.18.0"
        }
      },
      {
        "package": "swift-nio-transport-services",
        "repositoryURL": "https://github.com/apple/swift-nio-transport-services.git",
        "state": {
          "branch": null,
          "revision": "8ab824b140d0ebcd87e9149266ddc353e3705a3e",
          "version": "1.11.4"
        }
      },
      {
        "package": "YouTubePlayerKit",
        "repositoryURL": "https://github.com/SvenTiigi/YouTubePlayerKit.git",
        "state": {
          "branch": null,
          "revision": "1f78a2121f58b393bca54bc0a8da9e9b11cab198",
          "version": "1.1.9"
        }
      }
    ]
  },
  "version": 1
}
