{
  "object": {
    "pins": [
      {
        "package": "apollo-ios",
        "repositoryURL": "https://github.com/apollographql/apollo-ios.git",
        "state": {
          "branch": null,
          "revision": "84e28febb0a6cc3b4b08968c0d7043afd288004e",
          "version": "0.45.0"
        }
      },
      {
        "package": "async-http-client",
        "repositoryURL": "https://github.com/swift-server/async-http-client.git",
        "state": {
          "branch": null,
          "revision": "8e4d51908dd49272667126403bf977c5c503f78f",
          "version": "1.5.0"
        }
      },
      {
        "package": "InflectorKit",
        "repositoryURL": "https://github.com/apollographql/InflectorKit",
        "state": {
          "branch": null,
          "revision": "b1d0099abe36facd198113633f502889842906af",
          "version": "0.0.2"
        }
      },
      {
        "package": "Kingfisher",
        "repositoryURL": "https://github.com/onevcat/Kingfisher.git",
        "state": {
          "branch": "fix/xcode-13",
          "revision": "f012224344f09421588a28e9f6259968e3574f8b",
          "version": null
        }
      },
      {
        "package": "PathKit",
        "repositoryURL": "https://github.com/kylef/PathKit.git",
        "state": {
          "branch": null,
          "revision": "73f8e9dca9b7a3078cb79128217dc8f2e585a511",
          "version": "1.0.0"
        }
      },
      {
        "package": "Sails",
        "repositoryURL": "https://github.com/jacobsimeon/Sails.git",
        "state": {
          "branch": "master",
          "revision": "5cefc7d01cf0f24fbea205d5ce9d2659e77be3ed",
          "version": null
        }
      },
      {
        "package": "sentry-cocoa",
        "repositoryURL": "https://github.com/getsentry/sentry-cocoa.git",
        "state": {
          "branch": null,
          "revision": "f7c3de2d9fc09d7a61f7259521d97091fb2f8bda",
          "version": "7.1.3"
        }
      },
      {
        "package": "Spectre",
        "repositoryURL": "https://github.com/kylef/Spectre.git",
        "state": {
          "branch": null,
          "revision": "f79d4ecbf8bc4e1579fbd86c3e1d652fb6876c53",
          "version": "0.9.2"
        }
      },
      {
        "package": "SQLite.swift",
        "repositoryURL": "https://github.com/stephencelis/SQLite.swift.git",
        "state": {
          "branch": null,
          "revision": "0a9893ec030501a3956bee572d6b4fdd3ae158a1",
          "version": "0.12.2"
        }
      },
      {
        "package": "Starscream",
        "repositoryURL": "https://github.com/apollographql/Starscream",
        "state": {
          "branch": null,
          "revision": "8cf77babe5901693396436f4f418a6db0f328b78",
          "version": "3.1.2"
        }
      },
      {
        "package": "Stencil",
        "repositoryURL": "https://github.com/stencilproject/Stencil.git",
        "state": {
          "branch": null,
          "revision": "973e190edf5d09274e4a6bc2e636c86899ed84c3",
          "version": "0.14.1"
        }
      },
      {
        "package": "swift-log",
        "repositoryURL": "https://github.com/apple/swift-log.git",
        "state": {
          "branch": null,
          "revision": "5d66f7ba25daf4f94100e7022febf3c75e37a6c7",
          "version": "1.4.2"
        }
      },
      {
        "package": "swift-nio",
        "repositoryURL": "https://github.com/apple/swift-nio.git",
        "state": {
          "branch": null,
          "revision": "d79e33308b0ac83326b0ead0ea6446e604b8162d",
          "version": "2.30.0"
        }
      },
      {
        "package": "swift-nio-extras",
        "repositoryURL": "https://github.com/apple/swift-nio-extras.git",
        "state": {
          "branch": null,
          "revision": "f72c4688f89c28502105509186eadc49a49cb922",
          "version": "1.10.0"
        }
      },
      {
        "package": "swift-nio-ssl",
        "repositoryURL": "https://github.com/apple/swift-nio-ssl.git",
        "state": {
          "branch": null,
          "revision": "9db7cee4b62c39160a6bd513a47a1ecdcceac18a",
          "version": "2.14.0"
        }
      },
      {
        "package": "swift-nio-transport-services",
        "repositoryURL": "https://github.com/apple/swift-nio-transport-services.git",
        "state": {
          "branch": null,
          "revision": "39587bceccda72780e2a8a8c5e857e42a9df2fa8",
          "version": "1.11.0"
        }
      }
    ]
  },
  "version": 1
}
