// !$*UTF8*$!
{
	archiveVersion = 1;
	classes = {
	};
	objectVersion = 50;
	objects = {

/* Begin PBXBuildFile section */
		166A81C52637406C0015AA1D /* Tests_iOS.swift in Sources */ = {isa = PBXBuildFile; fileRef = 166A81C42637406C0015AA1D /* Tests_iOS.swift */; };
		166A81D02637406C0015AA1D /* Tests_macOS.swift in Sources */ = {isa = PBXBuildFile; fileRef = 166A81CF2637406C0015AA1D /* Tests_macOS.swift */; };
		166A81D22637406C0015AA1D /* PocketApp.swift in Sources */ = {isa = PBXBuildFile; fileRef = 166A81A92637406B0015AA1D /* PocketApp.swift */; };
		166A81D32637406C0015AA1D /* PocketApp.swift in Sources */ = {isa = PBXBuildFile; fileRef = 166A81A92637406B0015AA1D /* PocketApp.swift */; };
		166A81D42637406C0015AA1D /* ContentView.swift in Sources */ = {isa = PBXBuildFile; fileRef = 166A81AA2637406B0015AA1D /* ContentView.swift */; };
		166A81D52637406C0015AA1D /* ContentView.swift in Sources */ = {isa = PBXBuildFile; fileRef = 166A81AA2637406B0015AA1D /* ContentView.swift */; };
		166A81D62637406C0015AA1D /* Assets.xcassets in Resources */ = {isa = PBXBuildFile; fileRef = 166A81AB2637406C0015AA1D /* Assets.xcassets */; };
		166A81D72637406C0015AA1D /* Assets.xcassets in Resources */ = {isa = PBXBuildFile; fileRef = 166A81AB2637406C0015AA1D /* Assets.xcassets */; };
/* End PBXBuildFile section */

/* Begin PBXContainerItemProxy section */
		166A81C12637406C0015AA1D /* PBXContainerItemProxy */ = {
			isa = PBXContainerItemProxy;
			containerPortal = 166A81A42637406B0015AA1D /* Project object */;
			proxyType = 1;
			remoteGlobalIDString = 166A81AF2637406C0015AA1D;
			remoteInfo = "Pocket (iOS)";
		};
		166A81CC2637406C0015AA1D /* PBXContainerItemProxy */ = {
			isa = PBXContainerItemProxy;
			containerPortal = 166A81A42637406B0015AA1D /* Project object */;
			proxyType = 1;
			remoteGlobalIDString = 166A81B72637406C0015AA1D;
			remoteInfo = "Pocket (macOS)";
		};
/* End PBXContainerItemProxy section */

/* Begin PBXFileReference section */
		166A81A92637406B0015AA1D /* PocketApp.swift */ = {isa = PBXFileReference; lastKnownFileType = sourcecode.swift; path = PocketApp.swift; sourceTree = "<group>"; };
		166A81AA2637406B0015AA1D /* ContentView.swift */ = {isa = PBXFileReference; lastKnownFileType = sourcecode.swift; path = ContentView.swift; sourceTree = "<group>"; };
		166A81AB2637406C0015AA1D /* Assets.xcassets */ = {isa = PBXFileReference; lastKnownFileType = folder.assetcatalog; path = Assets.xcassets; sourceTree = "<group>"; };
		166A81B02637406C0015AA1D /* Pocket.app */ = {isa = PBXFileReference; explicitFileType = wrapper.application; includeInIndex = 0; path = Pocket.app; sourceTree = BUILT_PRODUCTS_DIR; };
		166A81B32637406C0015AA1D /* Info.plist */ = {isa = PBXFileReference; lastKnownFileType = text.plist.xml; path = Info.plist; sourceTree = "<group>"; };
		166A81B82637406C0015AA1D /* Pocket.app */ = {isa = PBXFileReference; explicitFileType = wrapper.application; includeInIndex = 0; path = Pocket.app; sourceTree = BUILT_PRODUCTS_DIR; };
		166A81BA2637406C0015AA1D /* Info.plist */ = {isa = PBXFileReference; lastKnownFileType = text.plist.xml; path = Info.plist; sourceTree = "<group>"; };
		166A81BB2637406C0015AA1D /* macOS.entitlements */ = {isa = PBXFileReference; lastKnownFileType = text.plist.entitlements; path = macOS.entitlements; sourceTree = "<group>"; };
		166A81C02637406C0015AA1D /* Tests iOS.xctest */ = {isa = PBXFileReference; explicitFileType = wrapper.cfbundle; includeInIndex = 0; path = "Tests iOS.xctest"; sourceTree = BUILT_PRODUCTS_DIR; };
		166A81C42637406C0015AA1D /* Tests_iOS.swift */ = {isa = PBXFileReference; lastKnownFileType = sourcecode.swift; path = Tests_iOS.swift; sourceTree = "<group>"; };
		166A81C62637406C0015AA1D /* Info.plist */ = {isa = PBXFileReference; lastKnownFileType = text.plist.xml; path = Info.plist; sourceTree = "<group>"; };
		166A81CB2637406C0015AA1D /* Tests macOS.xctest */ = {isa = PBXFileReference; explicitFileType = wrapper.cfbundle; includeInIndex = 0; path = "Tests macOS.xctest"; sourceTree = BUILT_PRODUCTS_DIR; };
		166A81CF2637406C0015AA1D /* Tests_macOS.swift */ = {isa = PBXFileReference; lastKnownFileType = sourcecode.swift; path = Tests_macOS.swift; sourceTree = "<group>"; };
		166A81D12637406C0015AA1D /* Info.plist */ = {isa = PBXFileReference; lastKnownFileType = text.plist.xml; path = Info.plist; sourceTree = "<group>"; };
/* End PBXFileReference section */

/* Begin PBXFrameworksBuildPhase section */
		166A81AD2637406C0015AA1D /* Frameworks */ = {
			isa = PBXFrameworksBuildPhase;
			buildActionMask = 2147483647;
			files = (
			);
			runOnlyForDeploymentPostprocessing = 0;
		};
		166A81B52637406C0015AA1D /* Frameworks */ = {
			isa = PBXFrameworksBuildPhase;
			buildActionMask = 2147483647;
			files = (
			);
			runOnlyForDeploymentPostprocessing = 0;
		};
		166A81BD2637406C0015AA1D /* Frameworks */ = {
			isa = PBXFrameworksBuildPhase;
			buildActionMask = 2147483647;
			files = (
			);
			runOnlyForDeploymentPostprocessing = 0;
		};
		166A81C82637406C0015AA1D /* Frameworks */ = {
			isa = PBXFrameworksBuildPhase;
			buildActionMask = 2147483647;
			files = (
			);
			runOnlyForDeploymentPostprocessing = 0;
		};
/* End PBXFrameworksBuildPhase section */

/* Begin PBXGroup section */
		166A81A32637406B0015AA1D = {
			isa = PBXGroup;
			children = (
				166A81A82637406B0015AA1D /* Shared */,
				166A81B22637406C0015AA1D /* iOS */,
				166A81B92637406C0015AA1D /* macOS */,
				166A81C32637406C0015AA1D /* Tests iOS */,
				166A81CE2637406C0015AA1D /* Tests macOS */,
				166A81B12637406C0015AA1D /* Products */,
			);
			sourceTree = "<group>";
		};
		166A81A82637406B0015AA1D /* Shared */ = {
			isa = PBXGroup;
			children = (
				166A81A92637406B0015AA1D /* PocketApp.swift */,
				166A81AA2637406B0015AA1D /* ContentView.swift */,
				166A81AB2637406C0015AA1D /* Assets.xcassets */,
			);
			path = Shared;
			sourceTree = "<group>";
		};
		166A81B12637406C0015AA1D /* Products */ = {
			isa = PBXGroup;
			children = (
				166A81B02637406C0015AA1D /* Pocket.app */,
				166A81B82637406C0015AA1D /* Pocket.app */,
				166A81C02637406C0015AA1D /* Tests iOS.xctest */,
				166A81CB2637406C0015AA1D /* Tests macOS.xctest */,
			);
			name = Products;
			sourceTree = "<group>";
		};
		166A81B22637406C0015AA1D /* iOS */ = {
			isa = PBXGroup;
			children = (
				166A81B32637406C0015AA1D /* Info.plist */,
			);
			path = iOS;
			sourceTree = "<group>";
		};
		166A81B92637406C0015AA1D /* macOS */ = {
			isa = PBXGroup;
			children = (
				166A81BA2637406C0015AA1D /* Info.plist */,
				166A81BB2637406C0015AA1D /* macOS.entitlements */,
			);
			path = macOS;
			sourceTree = "<group>";
		};
		166A81C32637406C0015AA1D /* Tests iOS */ = {
			isa = PBXGroup;
			children = (
				166A81C42637406C0015AA1D /* Tests_iOS.swift */,
				166A81C62637406C0015AA1D /* Info.plist */,
			);
			path = "Tests iOS";
			sourceTree = "<group>";
		};
		166A81CE2637406C0015AA1D /* Tests macOS */ = {
			isa = PBXGroup;
			children = (
				166A81CF2637406C0015AA1D /* Tests_macOS.swift */,
				166A81D12637406C0015AA1D /* Info.plist */,
			);
			path = "Tests macOS";
			sourceTree = "<group>";
		};
/* End PBXGroup section */

/* Begin PBXNativeTarget section */
		166A81AF2637406C0015AA1D /* Pocket (iOS) */ = {
			isa = PBXNativeTarget;
			buildConfigurationList = 166A81DA2637406C0015AA1D /* Build configuration list for PBXNativeTarget "Pocket (iOS)" */;
			buildPhases = (
				166A81AC2637406C0015AA1D /* Sources */,
				166A81AD2637406C0015AA1D /* Frameworks */,
				166A81AE2637406C0015AA1D /* Resources */,
			);
			buildRules = (
			);
			dependencies = (
			);
			name = "Pocket (iOS)";
			productName = "Pocket (iOS)";
			productReference = 166A81B02637406C0015AA1D /* Pocket.app */;
			productType = "com.apple.product-type.application";
		};
		166A81B72637406C0015AA1D /* Pocket (macOS) */ = {
			isa = PBXNativeTarget;
			buildConfigurationList = 166A81DD2637406C0015AA1D /* Build configuration list for PBXNativeTarget "Pocket (macOS)" */;
			buildPhases = (
				166A81B42637406C0015AA1D /* Sources */,
				166A81B52637406C0015AA1D /* Frameworks */,
				166A81B62637406C0015AA1D /* Resources */,
			);
			buildRules = (
			);
			dependencies = (
			);
			name = "Pocket (macOS)";
			productName = "Pocket (macOS)";
			productReference = 166A81B82637406C0015AA1D /* Pocket.app */;
			productType = "com.apple.product-type.application";
		};
		166A81BF2637406C0015AA1D /* Tests iOS */ = {
			isa = PBXNativeTarget;
			buildConfigurationList = 166A81E02637406C0015AA1D /* Build configuration list for PBXNativeTarget "Tests iOS" */;
			buildPhases = (
				166A81BC2637406C0015AA1D /* Sources */,
				166A81BD2637406C0015AA1D /* Frameworks */,
				166A81BE2637406C0015AA1D /* Resources */,
			);
			buildRules = (
			);
			dependencies = (
				166A81C22637406C0015AA1D /* PBXTargetDependency */,
			);
			name = "Tests iOS";
			productName = "Tests iOS";
			productReference = 166A81C02637406C0015AA1D /* Tests iOS.xctest */;
			productType = "com.apple.product-type.bundle.ui-testing";
		};
		166A81CA2637406C0015AA1D /* Tests macOS */ = {
			isa = PBXNativeTarget;
			buildConfigurationList = 166A81E32637406C0015AA1D /* Build configuration list for PBXNativeTarget "Tests macOS" */;
			buildPhases = (
				166A81C72637406C0015AA1D /* Sources */,
				166A81C82637406C0015AA1D /* Frameworks */,
				166A81C92637406C0015AA1D /* Resources */,
			);
			buildRules = (
			);
			dependencies = (
				166A81CD2637406C0015AA1D /* PBXTargetDependency */,
			);
			name = "Tests macOS";
			productName = "Tests macOS";
			productReference = 166A81CB2637406C0015AA1D /* Tests macOS.xctest */;
			productType = "com.apple.product-type.bundle.ui-testing";
		};
/* End PBXNativeTarget section */

/* Begin PBXProject section */
		166A81A42637406B0015AA1D /* Project object */ = {
			isa = PBXProject;
			attributes = {
				LastSwiftUpdateCheck = 1250;
				LastUpgradeCheck = 1250;
				TargetAttributes = {
					166A81AF2637406C0015AA1D = {
						CreatedOnToolsVersion = 12.5;
					};
					166A81B72637406C0015AA1D = {
						CreatedOnToolsVersion = 12.5;
					};
					166A81BF2637406C0015AA1D = {
						CreatedOnToolsVersion = 12.5;
						TestTargetID = 166A81AF2637406C0015AA1D;
					};
					166A81CA2637406C0015AA1D = {
						CreatedOnToolsVersion = 12.5;
						TestTargetID = 166A81B72637406C0015AA1D;
					};
				};
			};
			buildConfigurationList = 166A81A72637406B0015AA1D /* Build configuration list for PBXProject "Pocket" */;
			compatibilityVersion = "Xcode 9.3";
			developmentRegion = en;
			hasScannedForEncodings = 0;
			knownRegions = (
				en,
				Base,
			);
			mainGroup = 166A81A32637406B0015AA1D;
			productRefGroup = 166A81B12637406C0015AA1D /* Products */;
			projectDirPath = "";
			projectRoot = "";
			targets = (
				166A81AF2637406C0015AA1D /* Pocket (iOS) */,
				166A81B72637406C0015AA1D /* Pocket (macOS) */,
				166A81BF2637406C0015AA1D /* Tests iOS */,
				166A81CA2637406C0015AA1D /* Tests macOS */,
			);
		};
/* End PBXProject section */

/* Begin PBXResourcesBuildPhase section */
		166A81AE2637406C0015AA1D /* Resources */ = {
			isa = PBXResourcesBuildPhase;
			buildActionMask = 2147483647;
			files = (
				166A81D62637406C0015AA1D /* Assets.xcassets in Resources */,
			);
			runOnlyForDeploymentPostprocessing = 0;
		};
		166A81B62637406C0015AA1D /* Resources */ = {
			isa = PBXResourcesBuildPhase;
			buildActionMask = 2147483647;
			files = (
				166A81D72637406C0015AA1D /* Assets.xcassets in Resources */,
			);
			runOnlyForDeploymentPostprocessing = 0;
		};
		166A81BE2637406C0015AA1D /* Resources */ = {
			isa = PBXResourcesBuildPhase;
			buildActionMask = 2147483647;
			files = (
			);
			runOnlyForDeploymentPostprocessing = 0;
		};
		166A81C92637406C0015AA1D /* Resources */ = {
			isa = PBXResourcesBuildPhase;
			buildActionMask = 2147483647;
			files = (
			);
			runOnlyForDeploymentPostprocessing = 0;
		};
/* End PBXResourcesBuildPhase section */

/* Begin PBXSourcesBuildPhase section */
		166A81AC2637406C0015AA1D /* Sources */ = {
			isa = PBXSourcesBuildPhase;
			buildActionMask = 2147483647;
			files = (
				166A81D42637406C0015AA1D /* ContentView.swift in Sources */,
				166A81D22637406C0015AA1D /* PocketApp.swift in Sources */,
			);
			runOnlyForDeploymentPostprocessing = 0;
		};
		166A81B42637406C0015AA1D /* Sources */ = {
			isa = PBXSourcesBuildPhase;
			buildActionMask = 2147483647;
			files = (
				166A81D52637406C0015AA1D /* ContentView.swift in Sources */,
				166A81D32637406C0015AA1D /* PocketApp.swift in Sources */,
			);
			runOnlyForDeploymentPostprocessing = 0;
		};
		166A81BC2637406C0015AA1D /* Sources */ = {
			isa = PBXSourcesBuildPhase;
			buildActionMask = 2147483647;
			files = (
				166A81C52637406C0015AA1D /* Tests_iOS.swift in Sources */,
			);
			runOnlyForDeploymentPostprocessing = 0;
		};
		166A81C72637406C0015AA1D /* Sources */ = {
			isa = PBXSourcesBuildPhase;
			buildActionMask = 2147483647;
			files = (
				166A81D02637406C0015AA1D /* Tests_macOS.swift in Sources */,
			);
			runOnlyForDeploymentPostprocessing = 0;
		};
/* End PBXSourcesBuildPhase section */

/* Begin PBXTargetDependency section */
		166A81C22637406C0015AA1D /* PBXTargetDependency */ = {
			isa = PBXTargetDependency;
			target = 166A81AF2637406C0015AA1D /* Pocket (iOS) */;
			targetProxy = 166A81C12637406C0015AA1D /* PBXContainerItemProxy */;
		};
		166A81CD2637406C0015AA1D /* PBXTargetDependency */ = {
			isa = PBXTargetDependency;
			target = 166A81B72637406C0015AA1D /* Pocket (macOS) */;
			targetProxy = 166A81CC2637406C0015AA1D /* PBXContainerItemProxy */;
		};
/* End PBXTargetDependency section */

/* Begin XCBuildConfiguration section */
		166A81D82637406C0015AA1D /* Debug */ = {
			isa = XCBuildConfiguration;
			buildSettings = {
				ALWAYS_SEARCH_USER_PATHS = NO;
				CLANG_ANALYZER_NONNULL = YES;
				CLANG_ANALYZER_NUMBER_OBJECT_CONVERSION = YES_AGGRESSIVE;
				CLANG_CXX_LANGUAGE_STANDARD = "gnu++14";
				CLANG_CXX_LIBRARY = "libc++";
				CLANG_ENABLE_MODULES = YES;
				CLANG_ENABLE_OBJC_ARC = YES;
				CLANG_ENABLE_OBJC_WEAK = YES;
				CLANG_WARN_BLOCK_CAPTURE_AUTORELEASING = YES;
				CLANG_WARN_BOOL_CONVERSION = YES;
				CLANG_WARN_COMMA = YES;
				CLANG_WARN_CONSTANT_CONVERSION = YES;
				CLANG_WARN_DEPRECATED_OBJC_IMPLEMENTATIONS = YES;
				CLANG_WARN_DIRECT_OBJC_ISA_USAGE = YES_ERROR;
				CLANG_WARN_DOCUMENTATION_COMMENTS = YES;
				CLANG_WARN_EMPTY_BODY = YES;
				CLANG_WARN_ENUM_CONVERSION = YES;
				CLANG_WARN_INFINITE_RECURSION = YES;
				CLANG_WARN_INT_CONVERSION = YES;
				CLANG_WARN_NON_LITERAL_NULL_CONVERSION = YES;
				CLANG_WARN_OBJC_IMPLICIT_RETAIN_SELF = YES;
				CLANG_WARN_OBJC_LITERAL_CONVERSION = YES;
				CLANG_WARN_OBJC_ROOT_CLASS = YES_ERROR;
				CLANG_WARN_QUOTED_INCLUDE_IN_FRAMEWORK_HEADER = YES;
				CLANG_WARN_RANGE_LOOP_ANALYSIS = YES;
				CLANG_WARN_STRICT_PROTOTYPES = YES;
				CLANG_WARN_SUSPICIOUS_MOVE = YES;
				CLANG_WARN_UNGUARDED_AVAILABILITY = YES_AGGRESSIVE;
				CLANG_WARN_UNREACHABLE_CODE = YES;
				CLANG_WARN__DUPLICATE_METHOD_MATCH = YES;
				COPY_PHASE_STRIP = NO;
				DEBUG_INFORMATION_FORMAT = dwarf;
				ENABLE_STRICT_OBJC_MSGSEND = YES;
				ENABLE_TESTABILITY = YES;
				GCC_C_LANGUAGE_STANDARD = gnu11;
				GCC_DYNAMIC_NO_PIC = NO;
				GCC_NO_COMMON_BLOCKS = YES;
				GCC_OPTIMIZATION_LEVEL = 0;
				GCC_PREPROCESSOR_DEFINITIONS = (
					"DEBUG=1",
					"$(inherited)",
				);
				GCC_WARN_64_TO_32_BIT_CONVERSION = YES;
				GCC_WARN_ABOUT_RETURN_TYPE = YES_ERROR;
				GCC_WARN_UNDECLARED_SELECTOR = YES;
				GCC_WARN_UNINITIALIZED_AUTOS = YES_AGGRESSIVE;
				GCC_WARN_UNUSED_FUNCTION = YES;
				GCC_WARN_UNUSED_VARIABLE = YES;
				MTL_ENABLE_DEBUG_INFO = INCLUDE_SOURCE;
				MTL_FAST_MATH = YES;
				ONLY_ACTIVE_ARCH = YES;
				SWIFT_ACTIVE_COMPILATION_CONDITIONS = DEBUG;
				SWIFT_OPTIMIZATION_LEVEL = "-Onone";
			};
			name = Debug;
		};
		166A81D92637406C0015AA1D /* Release */ = {
			isa = XCBuildConfiguration;
			buildSettings = {
				ALWAYS_SEARCH_USER_PATHS = NO;
				CLANG_ANALYZER_NONNULL = YES;
				CLANG_ANALYZER_NUMBER_OBJECT_CONVERSION = YES_AGGRESSIVE;
				CLANG_CXX_LANGUAGE_STANDARD = "gnu++14";
				CLANG_CXX_LIBRARY = "libc++";
				CLANG_ENABLE_MODULES = YES;
				CLANG_ENABLE_OBJC_ARC = YES;
				CLANG_ENABLE_OBJC_WEAK = YES;
				CLANG_WARN_BLOCK_CAPTURE_AUTORELEASING = YES;
				CLANG_WARN_BOOL_CONVERSION = YES;
				CLANG_WARN_COMMA = YES;
				CLANG_WARN_CONSTANT_CONVERSION = YES;
				CLANG_WARN_DEPRECATED_OBJC_IMPLEMENTATIONS = YES;
				CLANG_WARN_DIRECT_OBJC_ISA_USAGE = YES_ERROR;
				CLANG_WARN_DOCUMENTATION_COMMENTS = YES;
				CLANG_WARN_EMPTY_BODY = YES;
				CLANG_WARN_ENUM_CONVERSION = YES;
				CLANG_WARN_INFINITE_RECURSION = YES;
				CLANG_WARN_INT_CONVERSION = YES;
				CLANG_WARN_NON_LITERAL_NULL_CONVERSION = YES;
				CLANG_WARN_OBJC_IMPLICIT_RETAIN_SELF = YES;
				CLANG_WARN_OBJC_LITERAL_CONVERSION = YES;
				CLANG_WARN_OBJC_ROOT_CLASS = YES_ERROR;
				CLANG_WARN_QUOTED_INCLUDE_IN_FRAMEWORK_HEADER = YES;
				CLANG_WARN_RANGE_LOOP_ANALYSIS = YES;
				CLANG_WARN_STRICT_PROTOTYPES = YES;
				CLANG_WARN_SUSPICIOUS_MOVE = YES;
				CLANG_WARN_UNGUARDED_AVAILABILITY = YES_AGGRESSIVE;
				CLANG_WARN_UNREACHABLE_CODE = YES;
				CLANG_WARN__DUPLICATE_METHOD_MATCH = YES;
				COPY_PHASE_STRIP = NO;
				DEBUG_INFORMATION_FORMAT = "dwarf-with-dsym";
				ENABLE_NS_ASSERTIONS = NO;
				ENABLE_STRICT_OBJC_MSGSEND = YES;
				GCC_C_LANGUAGE_STANDARD = gnu11;
				GCC_NO_COMMON_BLOCKS = YES;
				GCC_WARN_64_TO_32_BIT_CONVERSION = YES;
				GCC_WARN_ABOUT_RETURN_TYPE = YES_ERROR;
				GCC_WARN_UNDECLARED_SELECTOR = YES;
				GCC_WARN_UNINITIALIZED_AUTOS = YES_AGGRESSIVE;
				GCC_WARN_UNUSED_FUNCTION = YES;
				GCC_WARN_UNUSED_VARIABLE = YES;
				MTL_ENABLE_DEBUG_INFO = NO;
				MTL_FAST_MATH = YES;
				SWIFT_COMPILATION_MODE = wholemodule;
				SWIFT_OPTIMIZATION_LEVEL = "-O";
			};
			name = Release;
		};
		166A81DB2637406C0015AA1D /* Debug */ = {
			isa = XCBuildConfiguration;
			buildSettings = {
				ASSETCATALOG_COMPILER_APPICON_NAME = AppIcon;
				ASSETCATALOG_COMPILER_GLOBAL_ACCENT_COLOR_NAME = AccentColor;
				CODE_SIGN_IDENTITY = "iPhone Developer: Mozilla Release Engineering (2FA397B66F)";
				CODE_SIGN_STYLE = Manual;
				ENABLE_PREVIEWS = YES;
				INFOPLIST_FILE = iOS/Info.plist;
				IPHONEOS_DEPLOYMENT_TARGET = 14.0;
				LD_RUNPATH_SEARCH_PATHS = (
					"$(inherited)",
					"@executable_path/Frameworks",
				);
				PRODUCT_BUNDLE_IDENTIFIER = com.mozilla.pocket.next;
				PRODUCT_NAME = Pocket;
				PROVISIONING_PROFILE_SPECIFIER = "Pocket Development Profile";
				SDKROOT = iphoneos;
				SWIFT_VERSION = 5.0;
				TARGETED_DEVICE_FAMILY = "1,2";
			};
			name = Debug;
		};
		166A81DC2637406C0015AA1D /* Release */ = {
			isa = XCBuildConfiguration;
			buildSettings = {
				ASSETCATALOG_COMPILER_APPICON_NAME = AppIcon;
				ASSETCATALOG_COMPILER_GLOBAL_ACCENT_COLOR_NAME = AccentColor;
				CODE_SIGN_IDENTITY = "Apple Distribution";
				CODE_SIGN_STYLE = Manual;
				ENABLE_PREVIEWS = YES;
				INFOPLIST_FILE = iOS/Info.plist;
				IPHONEOS_DEPLOYMENT_TARGET = 14.0;
				LD_RUNPATH_SEARCH_PATHS = (
					"$(inherited)",
					"@executable_path/Frameworks",
				);
				PRODUCT_BUNDLE_IDENTIFIER = com.mozilla.pocket.next;
				PRODUCT_NAME = Pocket;
				PROVISIONING_PROFILE_SPECIFIER = "Pocket Distribution Profile";
				SDKROOT = iphoneos;
				SWIFT_VERSION = 5.0;
				TARGETED_DEVICE_FAMILY = "1,2";
				VALIDATE_PRODUCT = YES;
			};
			name = Release;
		};
		166A81DE2637406C0015AA1D /* Debug */ = {
			isa = XCBuildConfiguration;
			buildSettings = {
				ASSETCATALOG_COMPILER_APPICON_NAME = AppIcon;
				ASSETCATALOG_COMPILER_GLOBAL_ACCENT_COLOR_NAME = AccentColor;
				CODE_SIGN_ENTITLEMENTS = macOS/macOS.entitlements;
				CODE_SIGN_STYLE = Automatic;
				COMBINE_HIDPI_IMAGES = YES;
				ENABLE_PREVIEWS = YES;
				INFOPLIST_FILE = macOS/Info.plist;
				LD_RUNPATH_SEARCH_PATHS = (
					"$(inherited)",
					"@executable_path/../Frameworks",
				);
				MACOSX_DEPLOYMENT_TARGET = 11.0;
				PRODUCT_BUNDLE_IDENTIFIER = com.mozilla.Pocket;
				PRODUCT_NAME = Pocket;
				SDKROOT = macosx;
				SWIFT_VERSION = 5.0;
			};
			name = Debug;
		};
		166A81DF2637406C0015AA1D /* Release */ = {
			isa = XCBuildConfiguration;
			buildSettings = {
				ASSETCATALOG_COMPILER_APPICON_NAME = AppIcon;
				ASSETCATALOG_COMPILER_GLOBAL_ACCENT_COLOR_NAME = AccentColor;
				CODE_SIGN_ENTITLEMENTS = macOS/macOS.entitlements;
				CODE_SIGN_STYLE = Automatic;
				COMBINE_HIDPI_IMAGES = YES;
				ENABLE_PREVIEWS = YES;
				INFOPLIST_FILE = macOS/Info.plist;
				LD_RUNPATH_SEARCH_PATHS = (
					"$(inherited)",
					"@executable_path/../Frameworks",
				);
				MACOSX_DEPLOYMENT_TARGET = 11.0;
				PRODUCT_BUNDLE_IDENTIFIER = com.mozilla.Pocket;
				PRODUCT_NAME = Pocket;
				SDKROOT = macosx;
				SWIFT_VERSION = 5.0;
			};
			name = Release;
		};
		166A81E12637406C0015AA1D /* Debug */ = {
			isa = XCBuildConfiguration;
			buildSettings = {
				ALWAYS_EMBED_SWIFT_STANDARD_LIBRARIES = YES;
				CODE_SIGN_STYLE = Automatic;
				INFOPLIST_FILE = "Tests iOS/Info.plist";
				IPHONEOS_DEPLOYMENT_TARGET = 14.5;
				LD_RUNPATH_SEARCH_PATHS = (
					"$(inherited)",
					"@executable_path/Frameworks",
					"@loader_path/Frameworks",
				);
				PRODUCT_BUNDLE_IDENTIFIER = "com.mozilla.Tests-iOS";
				PRODUCT_NAME = "$(TARGET_NAME)";
				SDKROOT = iphoneos;
				SWIFT_VERSION = 5.0;
				TARGETED_DEVICE_FAMILY = "1,2";
				TEST_TARGET_NAME = "Pocket (iOS)";
			};
			name = Debug;
		};
		166A81E22637406C0015AA1D /* Release */ = {
			isa = XCBuildConfiguration;
			buildSettings = {
				ALWAYS_EMBED_SWIFT_STANDARD_LIBRARIES = YES;
				CODE_SIGN_STYLE = Automatic;
				INFOPLIST_FILE = "Tests iOS/Info.plist";
				IPHONEOS_DEPLOYMENT_TARGET = 14.5;
				LD_RUNPATH_SEARCH_PATHS = (
					"$(inherited)",
					"@executable_path/Frameworks",
					"@loader_path/Frameworks",
				);
				PRODUCT_BUNDLE_IDENTIFIER = "com.mozilla.Tests-iOS";
				PRODUCT_NAME = "$(TARGET_NAME)";
				SDKROOT = iphoneos;
				SWIFT_VERSION = 5.0;
				TARGETED_DEVICE_FAMILY = "1,2";
				TEST_TARGET_NAME = "Pocket (iOS)";
				VALIDATE_PRODUCT = YES;
			};
			name = Release;
		};
		166A81E42637406C0015AA1D /* Debug */ = {
			isa = XCBuildConfiguration;
			buildSettings = {
				ALWAYS_EMBED_SWIFT_STANDARD_LIBRARIES = YES;
				CODE_SIGN_STYLE = Automatic;
				COMBINE_HIDPI_IMAGES = YES;
				INFOPLIST_FILE = "Tests macOS/Info.plist";
				LD_RUNPATH_SEARCH_PATHS = (
					"$(inherited)",
					"@executable_path/../Frameworks",
					"@loader_path/../Frameworks",
				);
				MACOSX_DEPLOYMENT_TARGET = 11.2;
				PRODUCT_BUNDLE_IDENTIFIER = "com.mozilla.Tests-macOS";
				PRODUCT_NAME = "$(TARGET_NAME)";
				SDKROOT = macosx;
				SWIFT_VERSION = 5.0;
				TEST_TARGET_NAME = "Pocket (macOS)";
			};
			name = Debug;
		};
		166A81E52637406C0015AA1D /* Release */ = {
			isa = XCBuildConfiguration;
			buildSettings = {
				ALWAYS_EMBED_SWIFT_STANDARD_LIBRARIES = YES;
				CODE_SIGN_STYLE = Automatic;
				COMBINE_HIDPI_IMAGES = YES;
				INFOPLIST_FILE = "Tests macOS/Info.plist";
				LD_RUNPATH_SEARCH_PATHS = (
					"$(inherited)",
					"@executable_path/../Frameworks",
					"@loader_path/../Frameworks",
				);
				MACOSX_DEPLOYMENT_TARGET = 11.2;
				PRODUCT_BUNDLE_IDENTIFIER = "com.mozilla.Tests-macOS";
				PRODUCT_NAME = "$(TARGET_NAME)";
				SDKROOT = macosx;
				SWIFT_VERSION = 5.0;
				TEST_TARGET_NAME = "Pocket (macOS)";
			};
			name = Release;
		};
/* End XCBuildConfiguration section */

/* Begin XCConfigurationList section */
		166A81A72637406B0015AA1D /* Build configuration list for PBXProject "Pocket" */ = {
			isa = XCConfigurationList;
			buildConfigurations = (
				166A81D82637406C0015AA1D /* Debug */,
				166A81D92637406C0015AA1D /* Release */,
			);
			defaultConfigurationIsVisible = 0;
			defaultConfigurationName = Release;
		};
		166A81DA2637406C0015AA1D /* Build configuration list for PBXNativeTarget "Pocket (iOS)" */ = {
			isa = XCConfigurationList;
			buildConfigurations = (
				166A81DB2637406C0015AA1D /* Debug */,
				166A81DC2637406C0015AA1D /* Release */,
			);
			defaultConfigurationIsVisible = 0;
			defaultConfigurationName = Release;
		};
		166A81DD2637406C0015AA1D /* Build configuration list for PBXNativeTarget "Pocket (macOS)" */ = {
			isa = XCConfigurationList;
			buildConfigurations = (
				166A81DE2637406C0015AA1D /* Debug */,
				166A81DF2637406C0015AA1D /* Release */,
			);
			defaultConfigurationIsVisible = 0;
			defaultConfigurationName = Release;
		};
		166A81E02637406C0015AA1D /* Build configuration list for PBXNativeTarget "Tests iOS" */ = {
			isa = XCConfigurationList;
			buildConfigurations = (
				166A81E12637406C0015AA1D /* Debug */,
				166A81E22637406C0015AA1D /* Release */,
			);
			defaultConfigurationIsVisible = 0;
			defaultConfigurationName = Release;
		};
		166A81E32637406C0015AA1D /* Build configuration list for PBXNativeTarget "Tests macOS" */ = {
			isa = XCConfigurationList;
			buildConfigurations = (
				166A81E42637406C0015AA1D /* Debug */,
				166A81E52637406C0015AA1D /* Release */,
			);
			defaultConfigurationIsVisible = 0;
			defaultConfigurationName = Release;
		};
/* End XCConfigurationList section */
	};
	rootObject = 166A81A42637406B0015AA1D /* Project object */;
}
