// !$*UTF8*$!
{
	archiveVersion = 1;
	classes = {
	};
	objectVersion = 52;
	objects = {

/* Begin PBXAggregateTarget section */
		16D68EAB269648510046F93D /* ApolloCodegen */ = {
			isa = PBXAggregateTarget;
			buildConfigurationList = 16D68EAC269648510046F93D /* Build configuration list for PBXAggregateTarget "ApolloCodegen" */;
			buildPhases = (
				16D68EAF269648640046F93D /* Generate API.swift */,
			);
			dependencies = (
			);
			name = ApolloCodegen;
			productName = ApolloCodegen;
		};
/* End PBXAggregateTarget section */

/* Begin PBXBuildFile section */
		160056F326CC7FFD00700A80 /* FavoriteAnItemTests.swift in Sources */ = {isa = PBXBuildFile; fileRef = 160056F226CC7FFD00700A80 /* FavoriteAnItemTests.swift */; };
		1612D7E426C32321009A5BFD /* ByteBuffer+read.swift in Sources */ = {isa = PBXBuildFile; fileRef = 1612D7E326C32321009A5BFD /* ByteBuffer+read.swift */; };
		166A81C52637406C0015AA1D /* Tests_iOS.swift in Sources */ = {isa = PBXBuildFile; fileRef = 166A81C42637406C0015AA1D /* Tests_iOS.swift */; };
		166BACF62656E34B00E401F0 /* Fixtures in Resources */ = {isa = PBXBuildFile; fileRef = 166BACF52656E34B00E401F0 /* Fixtures */; };
		166BACF82656E3C600E401F0 /* Fixture.swift in Sources */ = {isa = PBXBuildFile; fileRef = 166BACF72656E3C600E401F0 /* Fixture.swift */; };
		166BAD092656E76B00E401F0 /* ItemElement.swift in Sources */ = {isa = PBXBuildFile; fileRef = 166BAD042656E76B00E401F0 /* ItemElement.swift */; };
		166BAD0A2656E76B00E401F0 /* SignInScreen.swift in Sources */ = {isa = PBXBuildFile; fileRef = 166BAD052656E76B00E401F0 /* SignInScreen.swift */; };
		166BAD0B2656E76B00E401F0 /* ReaderScreen.swift in Sources */ = {isa = PBXBuildFile; fileRef = 166BAD062656E76B00E401F0 /* ReaderScreen.swift */; };
		166BAD0C2656E76B00E401F0 /* UserListScreen.swift in Sources */ = {isa = PBXBuildFile; fileRef = 166BAD072656E76B00E401F0 /* UserListScreen.swift */; };
		166BAD0D2656E76B00E401F0 /* PocketApp.swift in Sources */ = {isa = PBXBuildFile; fileRef = 166BAD082656E76B00E401F0 /* PocketApp.swift */; };
		166EFAE8268281F300A027CD /* ReaderToolbar.swift in Sources */ = {isa = PBXBuildFile; fileRef = 166EFAE7268281F300A027CD /* ReaderToolbar.swift */; };
		166EFAEA2682821300A027CD /* WebReaderScreen.swift in Sources */ = {isa = PBXBuildFile; fileRef = 166EFAE92682821300A027CD /* WebReaderScreen.swift */; };
		1674057726CAC35F0061434E /* DeleteAnItemTests.swift in Sources */ = {isa = PBXBuildFile; fileRef = 1674057626CAC35F0061434E /* DeleteAnItemTests.swift */; };
		167F8084264B011600D8F507 /* Sails in Frameworks */ = {isa = PBXBuildFile; productRef = 167F8083264B011600D8F507 /* Sails */; };
		168292C826CC64C300830140 /* ShareAnItemTests.swift in Sources */ = {isa = PBXBuildFile; fileRef = 168292C726CC64C300830140 /* ShareAnItemTests.swift */; };
		16BA7D6326851513009A17C1 /* main.swift in Sources */ = {isa = PBXBuildFile; fileRef = 16BA7D6226851513009A17C1 /* main.swift */; };
		16BA7D6626851579009A17C1 /* PocketKit in Frameworks */ = {isa = PBXBuildFile; productRef = 16BA7D6526851579009A17C1 /* PocketKit */; };
		16E32B0226851AEB000CC36D /* Assets.xcassets in Resources */ = {isa = PBXBuildFile; fileRef = 16D47E7F26851AB40095D5A4 /* Assets.xcassets */; };
		16FCADBF26CB04AC00906C03 /* ArchiveAnItemTests.swift in Sources */ = {isa = PBXBuildFile; fileRef = 16FCADBE26CB04AC00906C03 /* ArchiveAnItemTests.swift */; };
/* End PBXBuildFile section */

/* Begin PBXContainerItemProxy section */
		166A81C12637406C0015AA1D /* PBXContainerItemProxy */ = {
			isa = PBXContainerItemProxy;
			containerPortal = 166A81A42637406B0015AA1D /* Project object */;
			proxyType = 1;
			remoteGlobalIDString = 166A81AF2637406C0015AA1D;
			remoteInfo = "Pocket (iOS)";
		};
		16D68EB0269648B20046F93D /* PBXContainerItemProxy */ = {
			isa = PBXContainerItemProxy;
			containerPortal = 166A81A42637406B0015AA1D /* Project object */;
			proxyType = 1;
			remoteGlobalIDString = 16D68EAB269648510046F93D;
			remoteInfo = ApolloCodegen;
		};
/* End PBXContainerItemProxy section */

/* Begin PBXCopyFilesBuildPhase section */
		F220F2B0264DC0DE0064D272 /* Embed Frameworks */ = {
			isa = PBXCopyFilesBuildPhase;
			buildActionMask = 2147483647;
			dstPath = "";
			dstSubfolderSpec = 10;
			files = (
			);
			name = "Embed Frameworks";
			runOnlyForDeploymentPostprocessing = 0;
		};
/* End PBXCopyFilesBuildPhase section */

/* Begin PBXFileReference section */
		160056F226CC7FFD00700A80 /* FavoriteAnItemTests.swift */ = {isa = PBXFileReference; lastKnownFileType = sourcecode.swift; path = FavoriteAnItemTests.swift; sourceTree = "<group>"; };
		1612D7E326C32321009A5BFD /* ByteBuffer+read.swift */ = {isa = PBXFileReference; lastKnownFileType = sourcecode.swift; path = "ByteBuffer+read.swift"; sourceTree = "<group>"; };
		1624B85A268508180099B6EF /* PocketKit */ = {isa = PBXFileReference; lastKnownFileType = folder; path = PocketKit; sourceTree = "<group>"; };
		166A81B02637406C0015AA1D /* Pocket.app */ = {isa = PBXFileReference; explicitFileType = wrapper.application; includeInIndex = 0; path = Pocket.app; sourceTree = BUILT_PRODUCTS_DIR; };
		166A81B32637406C0015AA1D /* Info.plist */ = {isa = PBXFileReference; lastKnownFileType = text.plist.xml; path = Info.plist; sourceTree = "<group>"; };
		166A81C02637406C0015AA1D /* Tests iOS.xctest */ = {isa = PBXFileReference; explicitFileType = wrapper.cfbundle; includeInIndex = 0; path = "Tests iOS.xctest"; sourceTree = BUILT_PRODUCTS_DIR; };
		166A81C42637406C0015AA1D /* Tests_iOS.swift */ = {isa = PBXFileReference; lastKnownFileType = sourcecode.swift; path = Tests_iOS.swift; sourceTree = "<group>"; };
		166A81C62637406C0015AA1D /* Info.plist */ = {isa = PBXFileReference; lastKnownFileType = text.plist.xml; path = Info.plist; sourceTree = "<group>"; };
		166BACF52656E34B00E401F0 /* Fixtures */ = {isa = PBXFileReference; lastKnownFileType = folder; path = Fixtures; sourceTree = "<group>"; };
		166BACF72656E3C600E401F0 /* Fixture.swift */ = {isa = PBXFileReference; lastKnownFileType = sourcecode.swift; path = Fixture.swift; sourceTree = "<group>"; };
		166BAD042656E76B00E401F0 /* ItemElement.swift */ = {isa = PBXFileReference; fileEncoding = 4; lastKnownFileType = sourcecode.swift; path = ItemElement.swift; sourceTree = "<group>"; };
		166BAD052656E76B00E401F0 /* SignInScreen.swift */ = {isa = PBXFileReference; fileEncoding = 4; lastKnownFileType = sourcecode.swift; path = SignInScreen.swift; sourceTree = "<group>"; };
		166BAD062656E76B00E401F0 /* ReaderScreen.swift */ = {isa = PBXFileReference; fileEncoding = 4; lastKnownFileType = sourcecode.swift; path = ReaderScreen.swift; sourceTree = "<group>"; };
		166BAD072656E76B00E401F0 /* UserListScreen.swift */ = {isa = PBXFileReference; fileEncoding = 4; lastKnownFileType = sourcecode.swift; path = UserListScreen.swift; sourceTree = "<group>"; };
		166BAD082656E76B00E401F0 /* PocketApp.swift */ = {isa = PBXFileReference; fileEncoding = 4; lastKnownFileType = sourcecode.swift; path = PocketApp.swift; sourceTree = "<group>"; };
		166EFAE7268281F300A027CD /* ReaderToolbar.swift */ = {isa = PBXFileReference; lastKnownFileType = sourcecode.swift; path = ReaderToolbar.swift; sourceTree = "<group>"; };
		166EFAE92682821300A027CD /* WebReaderScreen.swift */ = {isa = PBXFileReference; lastKnownFileType = sourcecode.swift; path = WebReaderScreen.swift; sourceTree = "<group>"; };
		1674057626CAC35F0061434E /* DeleteAnItemTests.swift */ = {isa = PBXFileReference; lastKnownFileType = sourcecode.swift; path = DeleteAnItemTests.swift; sourceTree = "<group>"; };
		168292C726CC64C300830140 /* ShareAnItemTests.swift */ = {isa = PBXFileReference; lastKnownFileType = sourcecode.swift; path = ShareAnItemTests.swift; sourceTree = "<group>"; };
		16973355263CBB3F0003DE2A /* secrets.xcconfig */ = {isa = PBXFileReference; lastKnownFileType = text.xcconfig; path = secrets.xcconfig; sourceTree = "<group>"; };
		16BA7D6226851513009A17C1 /* main.swift */ = {isa = PBXFileReference; lastKnownFileType = sourcecode.swift; path = main.swift; sourceTree = "<group>"; };
		16D47E7F26851AB40095D5A4 /* Assets.xcassets */ = {isa = PBXFileReference; lastKnownFileType = folder.assetcatalog; path = Assets.xcassets; sourceTree = "<group>"; };
		16FCADBE26CB04AC00906C03 /* ArchiveAnItemTests.swift */ = {isa = PBXFileReference; lastKnownFileType = sourcecode.swift; path = ArchiveAnItemTests.swift; sourceTree = "<group>"; };
		F227F0C3265E96290031F985 /* CoreText.framework */ = {isa = PBXFileReference; lastKnownFileType = wrapper.framework; name = CoreText.framework; path = Platforms/iPhoneOS.platform/Developer/SDKs/iPhoneOS14.5.sdk/System/Library/Frameworks/CoreText.framework; sourceTree = DEVELOPER_DIR; };
/* End PBXFileReference section */

/* Begin PBXFrameworksBuildPhase section */
		166A81AD2637406C0015AA1D /* Frameworks */ = {
			isa = PBXFrameworksBuildPhase;
			buildActionMask = 2147483647;
			files = (
				16BA7D6626851579009A17C1 /* PocketKit in Frameworks */,
			);
			runOnlyForDeploymentPostprocessing = 0;
		};
		166A81BD2637406C0015AA1D /* Frameworks */ = {
			isa = PBXFrameworksBuildPhase;
			buildActionMask = 2147483647;
			files = (
				167F8084264B011600D8F507 /* Sails in Frameworks */,
			);
			runOnlyForDeploymentPostprocessing = 0;
		};
/* End PBXFrameworksBuildPhase section */

/* Begin PBXGroup section */
		166A81A32637406B0015AA1D = {
			isa = PBXGroup;
			children = (
				1624B85A268508180099B6EF /* PocketKit */,
				16BA7D6226851513009A17C1 /* main.swift */,
				16D47E7F26851AB40095D5A4 /* Assets.xcassets */,
				166A81B32637406C0015AA1D /* Info.plist */,
				16973354263CBB290003DE2A /* Config */,
				166A81C32637406C0015AA1D /* Tests iOS */,
				F220F2B8264DC2750064D272 /* Frameworks */,
				166A81B12637406C0015AA1D /* Products */,
			);
			sourceTree = "<group>";
		};
		166A81B12637406C0015AA1D /* Products */ = {
			isa = PBXGroup;
			children = (
				166A81B02637406C0015AA1D /* Pocket.app */,
				166A81C02637406C0015AA1D /* Tests iOS.xctest */,
			);
			name = Products;
			sourceTree = "<group>";
		};
		166A81C32637406C0015AA1D /* Tests iOS */ = {
			isa = PBXGroup;
			children = (
				166A81C62637406C0015AA1D /* Info.plist */,
				166BACF92656E6A500E401F0 /* Support */,
				166BACF52656E34B00E401F0 /* Fixtures */,
				166A81C42637406C0015AA1D /* Tests_iOS.swift */,
				1674057626CAC35F0061434E /* DeleteAnItemTests.swift */,
				16FCADBE26CB04AC00906C03 /* ArchiveAnItemTests.swift */,
				168292C726CC64C300830140 /* ShareAnItemTests.swift */,
				160056F226CC7FFD00700A80 /* FavoriteAnItemTests.swift */,
			);
			path = "Tests iOS";
			sourceTree = "<group>";
		};
		166BACF92656E6A500E401F0 /* Support */ = {
			isa = PBXGroup;
			children = (
				166BAD032656E76B00E401F0 /* Elements */,
				166BACF72656E3C600E401F0 /* Fixture.swift */,
				1612D7E326C32321009A5BFD /* ByteBuffer+read.swift */,
			);
			path = Support;
			sourceTree = "<group>";
		};
		166BAD032656E76B00E401F0 /* Elements */ = {
			isa = PBXGroup;
			children = (
				166BAD042656E76B00E401F0 /* ItemElement.swift */,
				166BAD082656E76B00E401F0 /* PocketApp.swift */,
				166BAD062656E76B00E401F0 /* ReaderScreen.swift */,
				166EFAE7268281F300A027CD /* ReaderToolbar.swift */,
				166BAD052656E76B00E401F0 /* SignInScreen.swift */,
				166BAD072656E76B00E401F0 /* UserListScreen.swift */,
				166EFAE92682821300A027CD /* WebReaderScreen.swift */,
			);
			path = Elements;
			sourceTree = "<group>";
		};
		16973354263CBB290003DE2A /* Config */ = {
			isa = PBXGroup;
			children = (
				16973355263CBB3F0003DE2A /* secrets.xcconfig */,
			);
			path = Config;
			sourceTree = "<group>";
		};
		F220F2B8264DC2750064D272 /* Frameworks */ = {
			isa = PBXGroup;
			children = (
				F227F0C3265E96290031F985 /* CoreText.framework */,
			);
			name = Frameworks;
			sourceTree = "<group>";
		};
/* End PBXGroup section */

/* Begin PBXNativeTarget section */
		166A81AF2637406C0015AA1D /* Pocket (iOS) */ = {
			isa = PBXNativeTarget;
			buildConfigurationList = 166A81DA2637406C0015AA1D /* Build configuration list for PBXNativeTarget "Pocket (iOS)" */;
			buildPhases = (
				166A81AC2637406C0015AA1D /* Sources */,
				166A81AD2637406C0015AA1D /* Frameworks */,
				166A81AE2637406C0015AA1D /* Resources */,
				F220F2B0264DC0DE0064D272 /* Embed Frameworks */,
			);
			buildRules = (
			);
			dependencies = (
				16D68EB1269648B20046F93D /* PBXTargetDependency */,
			);
			name = "Pocket (iOS)";
			packageProductDependencies = (
				16BA7D6526851579009A17C1 /* PocketKit */,
			);
			productName = "Pocket (iOS)";
			productReference = 166A81B02637406C0015AA1D /* Pocket.app */;
			productType = "com.apple.product-type.application";
		};
		166A81BF2637406C0015AA1D /* Tests iOS */ = {
			isa = PBXNativeTarget;
			buildConfigurationList = 166A81E02637406C0015AA1D /* Build configuration list for PBXNativeTarget "Tests iOS" */;
			buildPhases = (
				166A81BC2637406C0015AA1D /* Sources */,
				166A81BD2637406C0015AA1D /* Frameworks */,
				166A81BE2637406C0015AA1D /* Resources */,
			);
			buildRules = (
			);
			dependencies = (
				166A81C22637406C0015AA1D /* PBXTargetDependency */,
			);
			name = "Tests iOS";
			packageProductDependencies = (
				167F8083264B011600D8F507 /* Sails */,
			);
			productName = "Tests iOS";
			productReference = 166A81C02637406C0015AA1D /* Tests iOS.xctest */;
			productType = "com.apple.product-type.bundle.ui-testing";
		};
/* End PBXNativeTarget section */

/* Begin PBXProject section */
		166A81A42637406B0015AA1D /* Project object */ = {
			isa = PBXProject;
			attributes = {
				LastSwiftUpdateCheck = 1250;
				LastUpgradeCheck = 1300;
				TargetAttributes = {
					166A81AF2637406C0015AA1D = {
						CreatedOnToolsVersion = 12.5;
						LastSwiftMigration = 1250;
					};
					166A81BF2637406C0015AA1D = {
						CreatedOnToolsVersion = 12.5;
						TestTargetID = 166A81AF2637406C0015AA1D;
					};
					16D68EAB269648510046F93D = {
						CreatedOnToolsVersion = 12.5;
					};
				};
			};
			buildConfigurationList = 166A81A72637406B0015AA1D /* Build configuration list for PBXProject "Pocket" */;
			compatibilityVersion = "Xcode 9.3";
			developmentRegion = en;
			hasScannedForEncodings = 0;
			knownRegions = (
				en,
				Base,
			);
			mainGroup = 166A81A32637406B0015AA1D;
			packageReferences = (
				167F8082264B011600D8F507 /* XCRemoteSwiftPackageReference "Sails" */,
			);
			productRefGroup = 166A81B12637406C0015AA1D /* Products */;
			projectDirPath = "";
			projectRoot = "";
			targets = (
				166A81AF2637406C0015AA1D /* Pocket (iOS) */,
				166A81BF2637406C0015AA1D /* Tests iOS */,
				16D68EAB269648510046F93D /* ApolloCodegen */,
			);
		};
/* End PBXProject section */

/* Begin PBXResourcesBuildPhase section */
		166A81AE2637406C0015AA1D /* Resources */ = {
			isa = PBXResourcesBuildPhase;
			buildActionMask = 2147483647;
			files = (
				16E32B0226851AEB000CC36D /* Assets.xcassets in Resources */,
			);
			runOnlyForDeploymentPostprocessing = 0;
		};
		166A81BE2637406C0015AA1D /* Resources */ = {
			isa = PBXResourcesBuildPhase;
			buildActionMask = 2147483647;
			files = (
				166BACF62656E34B00E401F0 /* Fixtures in Resources */,
			);
			runOnlyForDeploymentPostprocessing = 0;
		};
/* End PBXResourcesBuildPhase section */

/* Begin PBXShellScriptBuildPhase section */
		16D68EAF269648640046F93D /* Generate API.swift */ = {
			isa = PBXShellScriptBuildPhase;
			buildActionMask = 2147483647;
			files = (
			);
			inputFileListPaths = (
			);
			inputPaths = (
				"$(SRCROOT)/PocketKit/Sources/Sync/list.graphql",
				"$(SRCROOT)/PocketKit/Sources/Sync/schema.graphql",
			);
			name = "Generate API.swift";
			outputFileListPaths = (
			);
			outputPaths = (
				"$(SRCROOT)/PocketKit/Sources/Sync/API.swift",
			);
			runOnlyForDeploymentPostprocessing = 0;
			shellPath = /bin/sh;
			shellScript = "cd \"${SRCROOT}\"/PocketKit\nxcrun -sdk macosx swift run ApolloCodegen generate\n";
		};
/* End PBXShellScriptBuildPhase section */

/* Begin PBXSourcesBuildPhase section */
		166A81AC2637406C0015AA1D /* Sources */ = {
			isa = PBXSourcesBuildPhase;
			buildActionMask = 2147483647;
			files = (
				16BA7D6326851513009A17C1 /* main.swift in Sources */,
			);
			runOnlyForDeploymentPostprocessing = 0;
		};
		166A81BC2637406C0015AA1D /* Sources */ = {
			isa = PBXSourcesBuildPhase;
			buildActionMask = 2147483647;
			files = (
				1674057726CAC35F0061434E /* DeleteAnItemTests.swift in Sources */,
				166BAD0C2656E76B00E401F0 /* UserListScreen.swift in Sources */,
				166BAD0D2656E76B00E401F0 /* PocketApp.swift in Sources */,
				166BAD0B2656E76B00E401F0 /* ReaderScreen.swift in Sources */,
				166A81C52637406C0015AA1D /* Tests_iOS.swift in Sources */,
				1612D7E426C32321009A5BFD /* ByteBuffer+read.swift in Sources */,
				16FCADBF26CB04AC00906C03 /* ArchiveAnItemTests.swift in Sources */,
				166EFAE8268281F300A027CD /* ReaderToolbar.swift in Sources */,
				166EFAEA2682821300A027CD /* WebReaderScreen.swift in Sources */,
				160056F326CC7FFD00700A80 /* FavoriteAnItemTests.swift in Sources */,
				166BAD0A2656E76B00E401F0 /* SignInScreen.swift in Sources */,
				168292C826CC64C300830140 /* ShareAnItemTests.swift in Sources */,
				166BACF82656E3C600E401F0 /* Fixture.swift in Sources */,
				166BAD092656E76B00E401F0 /* ItemElement.swift in Sources */,
			);
			runOnlyForDeploymentPostprocessing = 0;
		};
/* End PBXSourcesBuildPhase section */

/* Begin PBXTargetDependency section */
		166A81C22637406C0015AA1D /* PBXTargetDependency */ = {
			isa = PBXTargetDependency;
			target = 166A81AF2637406C0015AA1D /* Pocket (iOS) */;
			targetProxy = 166A81C12637406C0015AA1D /* PBXContainerItemProxy */;
		};
		16D68EB1269648B20046F93D /* PBXTargetDependency */ = {
			isa = PBXTargetDependency;
			target = 16D68EAB269648510046F93D /* ApolloCodegen */;
			targetProxy = 16D68EB0269648B20046F93D /* PBXContainerItemProxy */;
		};
/* End PBXTargetDependency section */

/* Begin XCBuildConfiguration section */
		166A81D82637406C0015AA1D /* Debug */ = {
			isa = XCBuildConfiguration;
			baseConfigurationReference = 16973355263CBB3F0003DE2A /* secrets.xcconfig */;
			buildSettings = {
				ALWAYS_SEARCH_USER_PATHS = NO;
				CLANG_ANALYZER_NONNULL = YES;
				CLANG_ANALYZER_NUMBER_OBJECT_CONVERSION = YES_AGGRESSIVE;
				CLANG_CXX_LANGUAGE_STANDARD = "gnu++14";
				CLANG_CXX_LIBRARY = "libc++";
				CLANG_ENABLE_MODULES = YES;
				CLANG_ENABLE_OBJC_ARC = YES;
				CLANG_ENABLE_OBJC_WEAK = YES;
				CLANG_WARN_BLOCK_CAPTURE_AUTORELEASING = YES;
				CLANG_WARN_BOOL_CONVERSION = YES;
				CLANG_WARN_COMMA = YES;
				CLANG_WARN_CONSTANT_CONVERSION = YES;
				CLANG_WARN_DEPRECATED_OBJC_IMPLEMENTATIONS = YES;
				CLANG_WARN_DIRECT_OBJC_ISA_USAGE = YES_ERROR;
				CLANG_WARN_DOCUMENTATION_COMMENTS = YES;
				CLANG_WARN_EMPTY_BODY = YES;
				CLANG_WARN_ENUM_CONVERSION = YES;
				CLANG_WARN_INFINITE_RECURSION = YES;
				CLANG_WARN_INT_CONVERSION = YES;
				CLANG_WARN_NON_LITERAL_NULL_CONVERSION = YES;
				CLANG_WARN_OBJC_IMPLICIT_RETAIN_SELF = YES;
				CLANG_WARN_OBJC_LITERAL_CONVERSION = YES;
				CLANG_WARN_OBJC_ROOT_CLASS = YES_ERROR;
				CLANG_WARN_QUOTED_INCLUDE_IN_FRAMEWORK_HEADER = YES;
				CLANG_WARN_RANGE_LOOP_ANALYSIS = YES;
				CLANG_WARN_STRICT_PROTOTYPES = YES;
				CLANG_WARN_SUSPICIOUS_MOVE = YES;
				CLANG_WARN_UNGUARDED_AVAILABILITY = YES_AGGRESSIVE;
				CLANG_WARN_UNREACHABLE_CODE = YES;
				CLANG_WARN__DUPLICATE_METHOD_MATCH = YES;
				COPY_PHASE_STRIP = NO;
				DEBUG_INFORMATION_FORMAT = dwarf;
				ENABLE_STRICT_OBJC_MSGSEND = YES;
				ENABLE_TESTABILITY = YES;
				GCC_C_LANGUAGE_STANDARD = gnu11;
				GCC_DYNAMIC_NO_PIC = NO;
				GCC_NO_COMMON_BLOCKS = YES;
				GCC_OPTIMIZATION_LEVEL = 0;
				GCC_PREPROCESSOR_DEFINITIONS = (
					"DEBUG=1",
					"$(inherited)",
				);
				GCC_WARN_64_TO_32_BIT_CONVERSION = YES;
				GCC_WARN_ABOUT_RETURN_TYPE = YES_ERROR;
				GCC_WARN_UNDECLARED_SELECTOR = YES;
				GCC_WARN_UNINITIALIZED_AUTOS = YES_AGGRESSIVE;
				GCC_WARN_UNUSED_FUNCTION = YES;
				GCC_WARN_UNUSED_VARIABLE = YES;
				MTL_ENABLE_DEBUG_INFO = INCLUDE_SOURCE;
				MTL_FAST_MATH = YES;
				ONLY_ACTIVE_ARCH = YES;
				SWIFT_ACTIVE_COMPILATION_CONDITIONS = DEBUG;
				SWIFT_OPTIMIZATION_LEVEL = "-Onone";
			};
			name = Debug;
		};
		166A81D92637406C0015AA1D /* Release */ = {
			isa = XCBuildConfiguration;
			baseConfigurationReference = 16973355263CBB3F0003DE2A /* secrets.xcconfig */;
			buildSettings = {
				ALWAYS_SEARCH_USER_PATHS = NO;
				CLANG_ANALYZER_NONNULL = YES;
				CLANG_ANALYZER_NUMBER_OBJECT_CONVERSION = YES_AGGRESSIVE;
				CLANG_CXX_LANGUAGE_STANDARD = "gnu++14";
				CLANG_CXX_LIBRARY = "libc++";
				CLANG_ENABLE_MODULES = YES;
				CLANG_ENABLE_OBJC_ARC = YES;
				CLANG_ENABLE_OBJC_WEAK = YES;
				CLANG_WARN_BLOCK_CAPTURE_AUTORELEASING = YES;
				CLANG_WARN_BOOL_CONVERSION = YES;
				CLANG_WARN_COMMA = YES;
				CLANG_WARN_CONSTANT_CONVERSION = YES;
				CLANG_WARN_DEPRECATED_OBJC_IMPLEMENTATIONS = YES;
				CLANG_WARN_DIRECT_OBJC_ISA_USAGE = YES_ERROR;
				CLANG_WARN_DOCUMENTATION_COMMENTS = YES;
				CLANG_WARN_EMPTY_BODY = YES;
				CLANG_WARN_ENUM_CONVERSION = YES;
				CLANG_WARN_INFINITE_RECURSION = YES;
				CLANG_WARN_INT_CONVERSION = YES;
				CLANG_WARN_NON_LITERAL_NULL_CONVERSION = YES;
				CLANG_WARN_OBJC_IMPLICIT_RETAIN_SELF = YES;
				CLANG_WARN_OBJC_LITERAL_CONVERSION = YES;
				CLANG_WARN_OBJC_ROOT_CLASS = YES_ERROR;
				CLANG_WARN_QUOTED_INCLUDE_IN_FRAMEWORK_HEADER = YES;
				CLANG_WARN_RANGE_LOOP_ANALYSIS = YES;
				CLANG_WARN_STRICT_PROTOTYPES = YES;
				CLANG_WARN_SUSPICIOUS_MOVE = YES;
				CLANG_WARN_UNGUARDED_AVAILABILITY = YES_AGGRESSIVE;
				CLANG_WARN_UNREACHABLE_CODE = YES;
				CLANG_WARN__DUPLICATE_METHOD_MATCH = YES;
				COPY_PHASE_STRIP = NO;
				DEBUG_INFORMATION_FORMAT = "dwarf-with-dsym";
				ENABLE_NS_ASSERTIONS = NO;
				ENABLE_STRICT_OBJC_MSGSEND = YES;
				GCC_C_LANGUAGE_STANDARD = gnu11;
				GCC_NO_COMMON_BLOCKS = YES;
				GCC_WARN_64_TO_32_BIT_CONVERSION = YES;
				GCC_WARN_ABOUT_RETURN_TYPE = YES_ERROR;
				GCC_WARN_UNDECLARED_SELECTOR = YES;
				GCC_WARN_UNINITIALIZED_AUTOS = YES_AGGRESSIVE;
				GCC_WARN_UNUSED_FUNCTION = YES;
				GCC_WARN_UNUSED_VARIABLE = YES;
				MTL_ENABLE_DEBUG_INFO = NO;
				MTL_FAST_MATH = YES;
				SWIFT_COMPILATION_MODE = wholemodule;
				SWIFT_OPTIMIZATION_LEVEL = "-O";
			};
			name = Release;
		};
		166A81DB2637406C0015AA1D /* Debug */ = {
			isa = XCBuildConfiguration;
			buildSettings = {
				ASSETCATALOG_COMPILER_APPICON_NAME = AppIcon;
				ASSETCATALOG_COMPILER_GLOBAL_ACCENT_COLOR_NAME = AccentColor;
				CLANG_ENABLE_MODULES = YES;
				CODE_SIGN_IDENTITY = "iPhone Developer: Mozilla Release Engineering (2FA397B66F)";
				CODE_SIGN_STYLE = Manual;
				DEVELOPMENT_TEAM = 43AQ936H96;
				ENABLE_PREVIEWS = YES;
				INFOPLIST_FILE = Info.plist;
				IPHONEOS_DEPLOYMENT_TARGET = 15.0;
				LD_RUNPATH_SEARCH_PATHS = (
					"$(inherited)",
					"@executable_path/Frameworks",
				);
				PRODUCT_BUNDLE_IDENTIFIER = com.mozilla.pocket.next;
				PRODUCT_NAME = Pocket;
				PROVISIONING_PROFILE_SPECIFIER = "Pocket Development Profile";
				SDKROOT = iphoneos;
				SWIFT_OPTIMIZATION_LEVEL = "-Onone";
				SWIFT_VERSION = 5.0;
				TARGETED_DEVICE_FAMILY = "1,2";
			};
			name = Debug;
		};
		166A81DC2637406C0015AA1D /* Release */ = {
			isa = XCBuildConfiguration;
			buildSettings = {
				ASSETCATALOG_COMPILER_APPICON_NAME = AppIcon;
				ASSETCATALOG_COMPILER_GLOBAL_ACCENT_COLOR_NAME = AccentColor;
				CLANG_ENABLE_MODULES = YES;
				CODE_SIGN_IDENTITY = "iPhone Distribution: Mozilla Corporation (43AQ936H96)";
				CODE_SIGN_STYLE = Manual;
				DEVELOPMENT_TEAM = 43AQ936H96;
				ENABLE_PREVIEWS = YES;
				INFOPLIST_FILE = Info.plist;
				IPHONEOS_DEPLOYMENT_TARGET = 15.0;
				LD_RUNPATH_SEARCH_PATHS = (
					"$(inherited)",
					"@executable_path/Frameworks",
				);
				PRODUCT_BUNDLE_IDENTIFIER = com.mozilla.pocket.next;
				PRODUCT_NAME = Pocket;
				PROVISIONING_PROFILE_SPECIFIER = "Pocket Distribution Profile";
				SDKROOT = iphoneos;
				SWIFT_VERSION = 5.0;
				TARGETED_DEVICE_FAMILY = "1,2";
				VALIDATE_PRODUCT = YES;
			};
			name = Release;
		};
		166A81E12637406C0015AA1D /* Debug */ = {
			isa = XCBuildConfiguration;
			buildSettings = {
				ALWAYS_EMBED_SWIFT_STANDARD_LIBRARIES = YES;
				CODE_SIGN_IDENTITY = "Apple Development";
				"CODE_SIGN_IDENTITY[sdk=macosx*]" = "-";
				CODE_SIGN_STYLE = Automatic;
				DEVELOPMENT_TEAM = "";
				INFOPLIST_FILE = "Tests iOS/Info.plist";
				IPHONEOS_DEPLOYMENT_TARGET = 14.5;
				LD_RUNPATH_SEARCH_PATHS = (
					"$(inherited)",
					"@executable_path/Frameworks",
					"@loader_path/Frameworks",
				);
				PRODUCT_BUNDLE_IDENTIFIER = "com.mozilla.Tests-iOS";
				PRODUCT_NAME = "$(TARGET_NAME)";
				PROVISIONING_PROFILE_SPECIFIER = "";
				"PROVISIONING_PROFILE_SPECIFIER[sdk=macosx*]" = "";
				SDKROOT = iphoneos;
				SWIFT_VERSION = 5.0;
				TARGETED_DEVICE_FAMILY = "1,2";
				TEST_TARGET_NAME = "Pocket (iOS)";
			};
			name = Debug;
		};
		166A81E22637406C0015AA1D /* Release */ = {
			isa = XCBuildConfiguration;
			buildSettings = {
				ALWAYS_EMBED_SWIFT_STANDARD_LIBRARIES = YES;
				CODE_SIGN_IDENTITY = "Apple Development";
				"CODE_SIGN_IDENTITY[sdk=macosx*]" = "-";
				CODE_SIGN_STYLE = Automatic;
				DEVELOPMENT_TEAM = "";
				INFOPLIST_FILE = "Tests iOS/Info.plist";
				IPHONEOS_DEPLOYMENT_TARGET = 14.5;
				LD_RUNPATH_SEARCH_PATHS = (
					"$(inherited)",
					"@executable_path/Frameworks",
					"@loader_path/Frameworks",
				);
				PRODUCT_BUNDLE_IDENTIFIER = "com.mozilla.Tests-iOS";
				PRODUCT_NAME = "$(TARGET_NAME)";
				PROVISIONING_PROFILE_SPECIFIER = "";
				"PROVISIONING_PROFILE_SPECIFIER[sdk=macosx*]" = "";
				SDKROOT = iphoneos;
				SWIFT_VERSION = 5.0;
				TARGETED_DEVICE_FAMILY = "1,2";
				TEST_TARGET_NAME = "Pocket (iOS)";
				VALIDATE_PRODUCT = YES;
			};
			name = Release;
		};
		16D68EAD269648510046F93D /* Debug */ = {
			isa = XCBuildConfiguration;
			buildSettings = {
			};
			name = Debug;
		};
		16D68EAE269648510046F93D /* Release */ = {
			isa = XCBuildConfiguration;
			buildSettings = {
			};
			name = Release;
		};
/* End XCBuildConfiguration section */

/* Begin XCConfigurationList section */
		166A81A72637406B0015AA1D /* Build configuration list for PBXProject "Pocket" */ = {
			isa = XCConfigurationList;
			buildConfigurations = (
				166A81D82637406C0015AA1D /* Debug */,
				166A81D92637406C0015AA1D /* Release */,
			);
			defaultConfigurationIsVisible = 0;
			defaultConfigurationName = Release;
		};
		166A81DA2637406C0015AA1D /* Build configuration list for PBXNativeTarget "Pocket (iOS)" */ = {
			isa = XCConfigurationList;
			buildConfigurations = (
				166A81DB2637406C0015AA1D /* Debug */,
				166A81DC2637406C0015AA1D /* Release */,
			);
			defaultConfigurationIsVisible = 0;
			defaultConfigurationName = Release;
		};
		166A81E02637406C0015AA1D /* Build configuration list for PBXNativeTarget "Tests iOS" */ = {
			isa = XCConfigurationList;
			buildConfigurations = (
				166A81E12637406C0015AA1D /* Debug */,
				166A81E22637406C0015AA1D /* Release */,
			);
			defaultConfigurationIsVisible = 0;
			defaultConfigurationName = Release;
		};
		16D68EAC269648510046F93D /* Build configuration list for PBXAggregateTarget "ApolloCodegen" */ = {
			isa = XCConfigurationList;
			buildConfigurations = (
				16D68EAD269648510046F93D /* Debug */,
				16D68EAE269648510046F93D /* Release */,
			);
			defaultConfigurationIsVisible = 0;
			defaultConfigurationName = Release;
		};
/* End XCConfigurationList section */

/* Begin XCRemoteSwiftPackageReference section */
		167F8082264B011600D8F507 /* XCRemoteSwiftPackageReference "Sails" */ = {
			isa = XCRemoteSwiftPackageReference;
			repositoryURL = "https://github.com/jacobsimeon/Sails.git";
			requirement = {
				branch = master;
				kind = branch;
			};
		};
/* End XCRemoteSwiftPackageReference section */

/* Begin XCSwiftPackageProductDependency section */
		167F8083264B011600D8F507 /* Sails */ = {
			isa = XCSwiftPackageProductDependency;
			package = 167F8082264B011600D8F507 /* XCRemoteSwiftPackageReference "Sails" */;
			productName = Sails;
		};
		16BA7D6526851579009A17C1 /* PocketKit */ = {
			isa = XCSwiftPackageProductDependency;
			productName = PocketKit;
		};
/* End XCSwiftPackageProductDependency section */
	};
	rootObject = 166A81A42637406B0015AA1D /* Project object */;
}
