// !$*UTF8*$!
{
	archiveVersion = 1;
	classes = {
	};
	objectVersion = 70;
	objects = {

/* Begin PBXBuildFile section */
		166DF27427E9160A00C03BF4 /* SaveToPocket.appex in Embed Foundation Extensions */ = {isa = PBXBuildFile; fileRef = F204A76027E22EC50010E155 /* SaveToPocket.appex */; settings = {ATTRIBUTES = (RemoveHeadersOnCopy, ); }; };
		16BA7D6326851513009A17C1 /* PocketApp.swift in Sources */ = {isa = PBXBuildFile; fileRef = 16BA7D6226851513009A17C1 /* PocketApp.swift */; };
		16BA7D6626851579009A17C1 /* PocketKit in Frameworks */ = {isa = PBXBuildFile; productRef = 16BA7D6526851579009A17C1 /* PocketKit */; };
		16E32B0226851AEB000CC36D /* Assets.xcassets in Resources */ = {isa = PBXBuildFile; fileRef = 16D47E7F26851AB40095D5A4 /* Assets.xcassets */; };
		3859089F29D35B2F00C8C17F /* Adjust in Frameworks */ = {isa = PBXBuildFile; productRef = 3859089E29D35B2F00C8C17F /* Adjust */; };
		385908A129D35B2F00C8C17F /* Criteo in Frameworks */ = {isa = PBXBuildFile; productRef = 385908A029D35B2F00C8C17F /* Criteo */; };
		385908A329D35B2F00C8C17F /* Sociomantic in Frameworks */ = {isa = PBXBuildFile; productRef = 385908A229D35B2F00C8C17F /* Sociomantic */; };
		385908A529D35B2F00C8C17F /* Trademob in Frameworks */ = {isa = PBXBuildFile; productRef = 385908A429D35B2F00C8C17F /* Trademob */; };
		385908A729D35B2F00C8C17F /* WebBridge in Frameworks */ = {isa = PBXBuildFile; productRef = 385908A629D35B2F00C8C17F /* WebBridge */; };
		650EEAB929F35395004D66BD /* PocketGraphTestMocks in Frameworks */ = {isa = PBXBuildFile; productRef = 650EEAB829F35395004D66BD /* PocketGraphTestMocks */; };
		650EEABC29F35499004D66BD /* ApolloTestSupport in Frameworks */ = {isa = PBXBuildFile; productRef = 650EEABB29F35499004D66BD /* ApolloTestSupport */; };
		650FECD228BA85F300A3CB0C /* PushNotificationServiceExtension.appex in Embed Foundation Extensions */ = {isa = PBXBuildFile; fileRef = 650FECCB28BA85F300A3CB0C /* PushNotificationServiceExtension.appex */; settings = {ATTRIBUTES = (RemoveHeadersOnCopy, ); }; };
		6547A0FF29F1812E00F6FC6B /* Sails in Frameworks */ = {isa = PBXBuildFile; productRef = 6547A0FE29F1812E00F6FC6B /* Sails */; };
		656A99D62B237F6300FCFDC4 /* Messages.framework in Frameworks */ = {isa = PBXBuildFile; fileRef = 65BE9F542B228AA80059C3C4 /* Messages.framework */; };
		656A99E22B237F6300FCFDC4 /* iMessageExtension.appex in Embed Foundation Extensions */ = {isa = PBXBuildFile; fileRef = 656A99D52B237F6300FCFDC4 /* iMessageExtension.appex */; settings = {ATTRIBUTES = (RemoveHeadersOnCopy, ); }; };
		656A99E82B237FC500FCFDC4 /* PocketStickerKit in Frameworks */ = {isa = PBXBuildFile; productRef = 656A99E72B237FC500FCFDC4 /* PocketStickerKit */; };
		65D3105229CEACF100952D64 /* PKTListenResources.bundle in Resources */ = {isa = PBXBuildFile; fileRef = 65D3105129CEACEE00952D64 /* PKTListenResources.bundle */; };
		65EC272728BA8AD50075E1DF /* UserNotifications.framework in Frameworks */ = {isa = PBXBuildFile; fileRef = 65EC272628BA8AD50075E1DF /* UserNotifications.framework */; };
		65EC272928BA8AD50075E1DF /* UserNotificationsUI.framework in Frameworks */ = {isa = PBXBuildFile; fileRef = 65EC272828BA8AD50075E1DF /* UserNotificationsUI.framework */; };
		65EC273328BA8AD50075E1DF /* PushNotificationStoryExtension.appex in Embed Foundation Extensions */ = {isa = PBXBuildFile; fileRef = 65EC272528BA8AD50075E1DF /* PushNotificationStoryExtension.appex */; settings = {ATTRIBUTES = (RemoveHeadersOnCopy, ); }; };
		8A3B77BD29E0AEEB00AD71D0 /* PocketKit in Frameworks */ = {isa = PBXBuildFile; productRef = 8A3B77BC29E0AEEB00AD71D0 /* PocketKit */; };
		AA2E89032A0D8847004A27BD /* WidgetKit.framework in Frameworks */ = {isa = PBXBuildFile; fileRef = AA2E89022A0D8847004A27BD /* WidgetKit.framework */; };
		AA2E89052A0D8847004A27BD /* SwiftUI.framework in Frameworks */ = {isa = PBXBuildFile; fileRef = AA2E89042A0D8847004A27BD /* SwiftUI.framework */; };
		AA2E89102A0D8849004A27BD /* ItemWidgets.appex in Embed Foundation Extensions */ = {isa = PBXBuildFile; fileRef = AA2E89012A0D8847004A27BD /* ItemWidgets.appex */; settings = {ATTRIBUTES = (RemoveHeadersOnCopy, ); }; };
		AA41DD8F2BD04EC9003CEDBF /* Textile in Frameworks */ = {isa = PBXBuildFile; productRef = AA41DD8E2BD04EC9003CEDBF /* Textile */; };
		AA41DD912BD04EF0003CEDBF /* Sync in Frameworks */ = {isa = PBXBuildFile; productRef = AA41DD902BD04EF0003CEDBF /* Sync */; };
		AA7D6A2B2995F0A20094FD18 /* StoreKit.framework in Frameworks */ = {isa = PBXBuildFile; fileRef = AA7D6A2A2995F0A20094FD18 /* StoreKit.framework */; };
		AA8BADE42BC88A5D004F1959 /* PrivacyInfo.xcprivacy in Resources */ = {isa = PBXBuildFile; fileRef = AA8BADE32BC88A5D004F1959 /* PrivacyInfo.xcprivacy */; };
		AA9DB97429B6E6480046AEF6 /* Test_Subscriptions.storekit in Resources */ = {isa = PBXBuildFile; fileRef = AA909ACC299F4D5400F90FA7 /* Test_Subscriptions.storekit */; };
		AAB4F3A62BBCA6140047A003 /* BrazeNotificationService in Frameworks */ = {isa = PBXBuildFile; productRef = AAB4F3A52BBCA6140047A003 /* BrazeNotificationService */; };
		AAB4F3A82BBCA6140047A003 /* BrazePushStory in Frameworks */ = {isa = PBXBuildFile; productRef = AAB4F3A72BBCA6140047A003 /* BrazePushStory */; };
		F2687E7327E28F0F00E43F09 /* SaveToPocketKit in Frameworks */ = {isa = PBXBuildFile; productRef = F2687E7227E28F0F00E43F09 /* SaveToPocketKit */; };
/* End PBXBuildFile section */

/* Begin PBXContainerItemProxy section */
		166A81C12637406C0015AA1D /* PBXContainerItemProxy */ = {
			isa = PBXContainerItemProxy;
			containerPortal = 166A81A42637406B0015AA1D /* Project object */;
			proxyType = 1;
			remoteGlobalIDString = 166A81AF2637406C0015AA1D;
			remoteInfo = "Pocket (iOS)";
		};
		166DF27527E9160A00C03BF4 /* PBXContainerItemProxy */ = {
			isa = PBXContainerItemProxy;
			containerPortal = 166A81A42637406B0015AA1D /* Project object */;
			proxyType = 1;
			remoteGlobalIDString = F204A75F27E22EC50010E155;
			remoteInfo = SaveToPocket;
		};
		650FECD028BA85F300A3CB0C /* PBXContainerItemProxy */ = {
			isa = PBXContainerItemProxy;
			containerPortal = 166A81A42637406B0015AA1D /* Project object */;
			proxyType = 1;
			remoteGlobalIDString = 650FECCA28BA85F300A3CB0C;
			remoteInfo = PushNotificationServiceExtension;
		};
		656A99E02B237F6300FCFDC4 /* PBXContainerItemProxy */ = {
			isa = PBXContainerItemProxy;
			containerPortal = 166A81A42637406B0015AA1D /* Project object */;
			proxyType = 1;
			remoteGlobalIDString = 656A99D42B237F6300FCFDC4;
			remoteInfo = iMessageExtension;
		};
		65EC273128BA8AD50075E1DF /* PBXContainerItemProxy */ = {
			isa = PBXContainerItemProxy;
			containerPortal = 166A81A42637406B0015AA1D /* Project object */;
			proxyType = 1;
			remoteGlobalIDString = 65EC272428BA8AD50075E1DF;
			remoteInfo = PushNotificationStoryExtension;
		};
		AA2E890E2A0D8849004A27BD /* PBXContainerItemProxy */ = {
			isa = PBXContainerItemProxy;
			containerPortal = 166A81A42637406B0015AA1D /* Project object */;
			proxyType = 1;
			remoteGlobalIDString = AA2E89002A0D8847004A27BD;
			remoteInfo = RecentSavesWidgetExtension;
		};
/* End PBXContainerItemProxy section */

/* Begin PBXCopyFilesBuildPhase section */
		166DF27727E9160A00C03BF4 /* Embed Foundation Extensions */ = {
			isa = PBXCopyFilesBuildPhase;
			buildActionMask = 12;
			dstPath = "";
			dstSubfolderSpec = 13;
			files = (
				AA2E89102A0D8849004A27BD /* ItemWidgets.appex in Embed Foundation Extensions */,
				166DF27427E9160A00C03BF4 /* SaveToPocket.appex in Embed Foundation Extensions */,
				65EC273328BA8AD50075E1DF /* PushNotificationStoryExtension.appex in Embed Foundation Extensions */,
				650FECD228BA85F300A3CB0C /* PushNotificationServiceExtension.appex in Embed Foundation Extensions */,
				656A99E22B237F6300FCFDC4 /* iMessageExtension.appex in Embed Foundation Extensions */,
			);
			name = "Embed Foundation Extensions";
			runOnlyForDeploymentPostprocessing = 0;
		};
		F220F2B0264DC0DE0064D272 /* Embed Frameworks */ = {
			isa = PBXCopyFilesBuildPhase;
			buildActionMask = 2147483647;
			dstPath = "";
			dstSubfolderSpec = 10;
			files = (
			);
			name = "Embed Frameworks";
			runOnlyForDeploymentPostprocessing = 0;
		};
/* End PBXCopyFilesBuildPhase section */

/* Begin PBXFileReference section */
		1624B85A268508180099B6EF /* PocketKit */ = {isa = PBXFileReference; lastKnownFileType = folder; path = PocketKit; sourceTree = "<group>"; };
		166A81B02637406C0015AA1D /* Pocket.app */ = {isa = PBXFileReference; explicitFileType = wrapper.application; includeInIndex = 0; path = Pocket.app; sourceTree = BUILT_PRODUCTS_DIR; };
		166A81B32637406C0015AA1D /* Info.plist */ = {isa = PBXFileReference; lastKnownFileType = text.plist.xml; path = Info.plist; sourceTree = "<group>"; };
		166A81C02637406C0015AA1D /* Tests iOS.xctest */ = {isa = PBXFileReference; explicitFileType = wrapper.cfbundle; includeInIndex = 0; path = "Tests iOS.xctest"; sourceTree = BUILT_PRODUCTS_DIR; };
		16973355263CBB3F0003DE2A /* secrets.xcconfig */ = {isa = PBXFileReference; lastKnownFileType = text.xcconfig; path = secrets.xcconfig; sourceTree = "<group>"; };
		16BA7D6226851513009A17C1 /* PocketApp.swift */ = {isa = PBXFileReference; lastKnownFileType = sourcecode.swift; path = PocketApp.swift; sourceTree = "<group>"; };
		16D47E7F26851AB40095D5A4 /* Assets.xcassets */ = {isa = PBXFileReference; lastKnownFileType = folder.assetcatalog; path = Assets.xcassets; sourceTree = "<group>"; };
		16E881F129072663008B2E05 /* AllTests.xctestplan */ = {isa = PBXFileReference; lastKnownFileType = text; path = AllTests.xctestplan; sourceTree = "<group>"; };
		650D169728FFA40B00EE9339 /* Sources */ = {isa = PBXFileReference; lastKnownFileType = folder; path = Sources; sourceTree = "<group>"; };
		650D169A28FFA42800EE9339 /* Package.swift */ = {isa = PBXFileReference; lastKnownFileType = sourcecode.swift; path = Package.swift; sourceTree = "<group>"; };
		650D169B28FFA54B00EE9339 /* Dangerfile.swift */ = {isa = PBXFileReference; lastKnownFileType = sourcecode.swift; path = Dangerfile.swift; sourceTree = "<group>"; };
		650FECCB28BA85F300A3CB0C /* PushNotificationServiceExtension.appex */ = {isa = PBXFileReference; explicitFileType = "wrapper.app-extension"; includeInIndex = 0; path = PushNotificationServiceExtension.appex; sourceTree = BUILT_PRODUCTS_DIR; };
		651D13652995967C0055F7EB /* swiftgen.yml */ = {isa = PBXFileReference; lastKnownFileType = text.yaml; path = swiftgen.yml; sourceTree = "<group>"; };
		653DA73729C3BC0A00123847 /* Pocket_iOS_Debug.entitlements */ = {isa = PBXFileReference; lastKnownFileType = text.plist.entitlements; path = Pocket_iOS_Debug.entitlements; sourceTree = "<group>"; };
		653DA73829C3BC1500123847 /* Pocket_iOS_Release.entitlements */ = {isa = PBXFileReference; lastKnownFileType = text.plist.entitlements; path = Pocket_iOS_Release.entitlements; sourceTree = "<group>"; };
		653DA74529C3C11200123847 /* secrets_alpha_neue.xcconfig */ = {isa = PBXFileReference; lastKnownFileType = text.xcconfig; path = secrets_alpha_neue.xcconfig; sourceTree = "<group>"; };
		6551C9D42900B27D00247C40 /* UnitTests.xctestplan */ = {isa = PBXFileReference; lastKnownFileType = text; path = UnitTests.xctestplan; sourceTree = "<group>"; };
		6551C9D52900B27D00247C40 /* UITests-2.xctestplan */ = {isa = PBXFileReference; lastKnownFileType = text; path = "UITests-2.xctestplan"; sourceTree = "<group>"; };
		6551C9D62900B27D00247C40 /* UITests-1.xctestplan */ = {isa = PBXFileReference; lastKnownFileType = text; path = "UITests-1.xctestplan"; sourceTree = "<group>"; };
		6551C9D72900B46000247C40 /* bitrise.yml */ = {isa = PBXFileReference; lastKnownFileType = text.yaml; path = bitrise.yml; sourceTree = "<group>"; };
		655C274E28B67ED20040AEAB /* README.md */ = {isa = PBXFileReference; lastKnownFileType = net.daringfireball.markdown; path = README.md; sourceTree = "<group>"; };
		656A99D52B237F6300FCFDC4 /* iMessageExtension.appex */ = {isa = PBXFileReference; explicitFileType = "wrapper.app-extension"; includeInIndex = 0; path = iMessageExtension.appex; sourceTree = BUILT_PRODUCTS_DIR; };
		65BE9F542B228AA80059C3C4 /* Messages.framework */ = {isa = PBXFileReference; lastKnownFileType = wrapper.framework; name = Messages.framework; path = Library/Frameworks/Messages.framework; sourceTree = DEVELOPER_DIR; };
		65D3105129CEACEE00952D64 /* PKTListenResources.bundle */ = {isa = PBXFileReference; lastKnownFileType = "wrapper.plug-in"; path = PKTListenResources.bundle; sourceTree = "<group>"; };
		65EC272528BA8AD50075E1DF /* PushNotificationStoryExtension.appex */ = {isa = PBXFileReference; explicitFileType = "wrapper.app-extension"; includeInIndex = 0; path = PushNotificationStoryExtension.appex; sourceTree = BUILT_PRODUCTS_DIR; };
		65EC272628BA8AD50075E1DF /* UserNotifications.framework */ = {isa = PBXFileReference; lastKnownFileType = wrapper.framework; name = UserNotifications.framework; path = System/Library/Frameworks/UserNotifications.framework; sourceTree = SDKROOT; };
		65EC272828BA8AD50075E1DF /* UserNotificationsUI.framework */ = {isa = PBXFileReference; lastKnownFileType = wrapper.framework; name = UserNotificationsUI.framework; path = System/Library/Frameworks/UserNotificationsUI.framework; sourceTree = SDKROOT; };
		65EDF6B22901979800D737E0 /* UITests-3.xctestplan */ = {isa = PBXFileReference; lastKnownFileType = text; path = "UITests-3.xctestplan"; sourceTree = "<group>"; };
		AA2E89012A0D8847004A27BD /* ItemWidgets.appex */ = {isa = PBXFileReference; explicitFileType = "wrapper.app-extension"; includeInIndex = 0; path = ItemWidgets.appex; sourceTree = BUILT_PRODUCTS_DIR; };
		AA2E89022A0D8847004A27BD /* WidgetKit.framework */ = {isa = PBXFileReference; lastKnownFileType = wrapper.framework; name = WidgetKit.framework; path = System/Library/Frameworks/WidgetKit.framework; sourceTree = SDKROOT; };
		AA2E89042A0D8847004A27BD /* SwiftUI.framework */ = {isa = PBXFileReference; lastKnownFileType = wrapper.framework; name = SwiftUI.framework; path = System/Library/Frameworks/SwiftUI.framework; sourceTree = SDKROOT; };
		AA2E89172A0D9391004A27BD /* libcmark-gfm.tbd */ = {isa = PBXFileReference; lastKnownFileType = "sourcecode.text-based-dylib-definition"; name = "libcmark-gfm.tbd"; path = "Platforms/iPhoneOS.platform/Developer/SDKs/iPhoneOS16.4.sdk/usr/lib/libcmark-gfm.tbd"; sourceTree = DEVELOPER_DIR; };
		AA7D6A2A2995F0A20094FD18 /* StoreKit.framework */ = {isa = PBXFileReference; lastKnownFileType = wrapper.framework; name = StoreKit.framework; path = Platforms/iPhoneOS.platform/Developer/SDKs/iPhoneOS16.2.sdk/System/Library/Frameworks/StoreKit.framework; sourceTree = DEVELOPER_DIR; };
		AA8BADE32BC88A5D004F1959 /* PrivacyInfo.xcprivacy */ = {isa = PBXFileReference; lastKnownFileType = text.xml; path = PrivacyInfo.xcprivacy; sourceTree = "<group>"; };
		AA909AC8299EFD3A00F90FA7 /* secrets_test.xcconfig */ = {isa = PBXFileReference; lastKnownFileType = text.xcconfig; path = secrets_test.xcconfig; sourceTree = "<group>"; };
		AA909ACC299F4D5400F90FA7 /* Test_Subscriptions.storekit */ = {isa = PBXFileReference; lastKnownFileType = text; path = Test_Subscriptions.storekit; sourceTree = "<group>"; };
		AAC9F5AA2B0BDBF800FD614A /* UITests-4.xctestplan */ = {isa = PBXFileReference; lastKnownFileType = text; path = "UITests-4.xctestplan"; sourceTree = "<group>"; };
		D2A8AF0F29D3A0E60042BC97 /* UITestsFlaky.xctestplan */ = {isa = PBXFileReference; lastKnownFileType = text; path = UITestsFlaky.xctestplan; sourceTree = "<group>"; };
		F204A76027E22EC50010E155 /* SaveToPocket.appex */ = {isa = PBXFileReference; explicitFileType = "wrapper.app-extension"; includeInIndex = 0; path = SaveToPocket.appex; sourceTree = BUILT_PRODUCTS_DIR; };
		F227F0C3265E96290031F985 /* CoreText.framework */ = {isa = PBXFileReference; lastKnownFileType = wrapper.framework; name = CoreText.framework; path = Platforms/iPhoneOS.platform/Developer/SDKs/iPhoneOS14.5.sdk/System/Library/Frameworks/CoreText.framework; sourceTree = DEVELOPER_DIR; };
/* End PBXFileReference section */

/* Begin PBXFileSystemSynchronizedBuildFileExceptionSet section */
		AAAC876D2D3092610022DA7A /* PBXFileSystemSynchronizedBuildFileExceptionSet */ = {
			isa = PBXFileSystemSynchronizedBuildFileExceptionSet;
			membershipExceptions = (
				PrivacyInfo.xcprivacy,
				SaveToPocket.swift,
			);
			target = F204A75F27E22EC50010E155 /* SaveToPocket */;
		};
		AAAC87732D3092690022DA7A /* PBXFileSystemSynchronizedBuildFileExceptionSet */ = {
			isa = PBXFileSystemSynchronizedBuildFileExceptionSet;
			membershipExceptions = (
				NotificationService.swift,
			);
			target = 650FECCA28BA85F300A3CB0C /* PushNotificationServiceExtension */;
		};
		AAAC877B2D30926F0022DA7A /* PBXFileSystemSynchronizedBuildFileExceptionSet */ = {
			isa = PBXFileSystemSynchronizedBuildFileExceptionSet;
			membershipExceptions = (
				NotificationViewController.swift,
				PrivacyInfo.xcprivacy,
			);
			target = 65EC272428BA8AD50075E1DF /* PushNotificationStoryExtension */;
		};
		AAAC87B52D3092730022DA7A /* PBXFileSystemSynchronizedBuildFileExceptionSet */ = {
			isa = PBXFileSystemSynchronizedBuildFileExceptionSet;
			membershipExceptions = (
				Info.plist,
			);
			target = AA2E89002A0D8847004A27BD /* ItemWidgets */;
		};
		AAAC87C02D3092790022DA7A /* PBXFileSystemSynchronizedBuildFileExceptionSet */ = {
			isa = PBXFileSystemSynchronizedBuildFileExceptionSet;
			membershipExceptions = (
				Info.plist,
			);
			target = 656A99D42B237F6300FCFDC4 /* iMessageExtension */;
		};
		AAAC89292D3093A00022DA7A /* PBXFileSystemSynchronizedBuildFileExceptionSet */ = {
			isa = PBXFileSystemSynchronizedBuildFileExceptionSet;
			membershipExceptions = (
				Info.plist,
			);
			target = 166A81BF2637406C0015AA1D /* Tests iOS */;
		};
/* End PBXFileSystemSynchronizedBuildFileExceptionSet section */

/* Begin PBXFileSystemSynchronizedRootGroup section */
		AAAC875C2D3091680022DA7A /* Pocket Intents */ = {isa = PBXFileSystemSynchronizedRootGroup; explicitFileTypes = {}; explicitFolders = (); path = "Pocket Intents"; sourceTree = "<group>"; };
		AAAC87632D30921F0022DA7A /* Launch Screen */ = {isa = PBXFileSystemSynchronizedRootGroup; explicitFileTypes = {}; explicitFolders = (); path = "Launch Screen"; sourceTree = "<group>"; };
		AAAC876A2D3092610022DA7A /* SaveToPocket */ = {isa = PBXFileSystemSynchronizedRootGroup; exceptions = (AAAC876D2D3092610022DA7A /* PBXFileSystemSynchronizedBuildFileExceptionSet */, ); explicitFileTypes = {}; explicitFolders = (); path = SaveToPocket; sourceTree = "<group>"; };
		AAAC87712D3092690022DA7A /* PushNotificationServiceExtension */ = {isa = PBXFileSystemSynchronizedRootGroup; exceptions = (AAAC87732D3092690022DA7A /* PBXFileSystemSynchronizedBuildFileExceptionSet */, ); explicitFileTypes = {}; explicitFolders = (); path = PushNotificationServiceExtension; sourceTree = "<group>"; };
		AAAC87782D30926E0022DA7A /* PushNotificationStoryExtension */ = {isa = PBXFileSystemSynchronizedRootGroup; exceptions = (AAAC877B2D30926F0022DA7A /* PBXFileSystemSynchronizedBuildFileExceptionSet */, ); explicitFileTypes = {}; explicitFolders = (); path = PushNotificationStoryExtension; sourceTree = "<group>"; };
		AAAC879D2D3092730022DA7A /* ItemWidgets */ = {isa = PBXFileSystemSynchronizedRootGroup; exceptions = (AAAC87B52D3092730022DA7A /* PBXFileSystemSynchronizedBuildFileExceptionSet */, ); explicitFileTypes = {}; explicitFolders = (); path = ItemWidgets; sourceTree = "<group>"; };
		AAAC87BB2D3092790022DA7A /* iMessageExtension */ = {isa = PBXFileSystemSynchronizedRootGroup; exceptions = (AAAC87C02D3092790022DA7A /* PBXFileSystemSynchronizedBuildFileExceptionSet */, ); explicitFileTypes = {}; explicitFolders = (); path = iMessageExtension; sourceTree = "<group>"; };
		AAAC88E32D3093A00022DA7A /* Tests iOS */ = {isa = PBXFileSystemSynchronizedRootGroup; exceptions = (AAAC89292D3093A00022DA7A /* PBXFileSystemSynchronizedBuildFileExceptionSet */, ); explicitFileTypes = {}; explicitFolders = (Fixtures, ); path = "Tests iOS"; sourceTree = "<group>"; };
/* End PBXFileSystemSynchronizedRootGroup section */

/* Begin PBXFrameworksBuildPhase section */
		166A81AD2637406C0015AA1D /* Frameworks */ = {
			isa = PBXFrameworksBuildPhase;
			buildActionMask = 2147483647;
			files = (
				385908A129D35B2F00C8C17F /* Criteo in Frameworks */,
				385908A329D35B2F00C8C17F /* Sociomantic in Frameworks */,
				16BA7D6626851579009A17C1 /* PocketKit in Frameworks */,
				3859089F29D35B2F00C8C17F /* Adjust in Frameworks */,
				385908A729D35B2F00C8C17F /* WebBridge in Frameworks */,
				385908A529D35B2F00C8C17F /* Trademob in Frameworks */,
				AA7D6A2B2995F0A20094FD18 /* StoreKit.framework in Frameworks */,
			);
			runOnlyForDeploymentPostprocessing = 0;
		};
		166A81BD2637406C0015AA1D /* Frameworks */ = {
			isa = PBXFrameworksBuildPhase;
			buildActionMask = 2147483647;
			files = (
				650EEAB929F35395004D66BD /* PocketGraphTestMocks in Frameworks */,
				650EEABC29F35499004D66BD /* ApolloTestSupport in Frameworks */,
				8A3B77BD29E0AEEB00AD71D0 /* PocketKit in Frameworks */,
				6547A0FF29F1812E00F6FC6B /* Sails in Frameworks */,
			);
			runOnlyForDeploymentPostprocessing = 0;
		};
		650FECC828BA85F300A3CB0C /* Frameworks */ = {
			isa = PBXFrameworksBuildPhase;
			buildActionMask = 2147483647;
			files = (
				AAB4F3A62BBCA6140047A003 /* BrazeNotificationService in Frameworks */,
			);
			runOnlyForDeploymentPostprocessing = 0;
		};
		656A99D22B237F6300FCFDC4 /* Frameworks */ = {
			isa = PBXFrameworksBuildPhase;
			buildActionMask = 2147483647;
			files = (
				656A99D62B237F6300FCFDC4 /* Messages.framework in Frameworks */,
				656A99E82B237FC500FCFDC4 /* PocketStickerKit in Frameworks */,
			);
			runOnlyForDeploymentPostprocessing = 0;
		};
		65EC272228BA8AD50075E1DF /* Frameworks */ = {
			isa = PBXFrameworksBuildPhase;
			buildActionMask = 2147483647;
			files = (
				65EC272928BA8AD50075E1DF /* UserNotificationsUI.framework in Frameworks */,
				AAB4F3A82BBCA6140047A003 /* BrazePushStory in Frameworks */,
				65EC272728BA8AD50075E1DF /* UserNotifications.framework in Frameworks */,
			);
			runOnlyForDeploymentPostprocessing = 0;
		};
		AA2E88FE2A0D8847004A27BD /* Frameworks */ = {
			isa = PBXFrameworksBuildPhase;
			buildActionMask = 2147483647;
			files = (
				AA41DD8F2BD04EC9003CEDBF /* Textile in Frameworks */,
				AA41DD912BD04EF0003CEDBF /* Sync in Frameworks */,
				AA2E89052A0D8847004A27BD /* SwiftUI.framework in Frameworks */,
				AA2E89032A0D8847004A27BD /* WidgetKit.framework in Frameworks */,
			);
			runOnlyForDeploymentPostprocessing = 0;
		};
		F204A75D27E22EC50010E155 /* Frameworks */ = {
			isa = PBXFrameworksBuildPhase;
			buildActionMask = 2147483647;
			files = (
				F2687E7327E28F0F00E43F09 /* SaveToPocketKit in Frameworks */,
			);
			runOnlyForDeploymentPostprocessing = 0;
		};
/* End PBXFrameworksBuildPhase section */

/* Begin PBXGroup section */
		166A81A32637406B0015AA1D = {
			isa = PBXGroup;
			children = (
				AA8BADE32BC88A5D004F1959 /* PrivacyInfo.xcprivacy */,
				65D3105129CEACEE00952D64 /* PKTListenResources.bundle */,
				653DA73829C3BC1500123847 /* Pocket_iOS_Release.entitlements */,
				653DA73729C3BC0A00123847 /* Pocket_iOS_Debug.entitlements */,
				651D13652995967C0055F7EB /* swiftgen.yml */,
				655C274E28B67ED20040AEAB /* README.md */,
				1624B85A268508180099B6EF /* PocketKit */,
				16BA7D6226851513009A17C1 /* PocketApp.swift */,
				6551C9D72900B46000247C40 /* bitrise.yml */,
				16E881F129072663008B2E05 /* AllTests.xctestplan */,
				D2A8AF0F29D3A0E60042BC97 /* UITestsFlaky.xctestplan */,
				6551C9D42900B27D00247C40 /* UnitTests.xctestplan */,
				6551C9D62900B27D00247C40 /* UITests-1.xctestplan */,
				6551C9D52900B27D00247C40 /* UITests-2.xctestplan */,
				65EDF6B22901979800D737E0 /* UITests-3.xctestplan */,
				AAC9F5AA2B0BDBF800FD614A /* UITests-4.xctestplan */,
				16D47E7F26851AB40095D5A4 /* Assets.xcassets */,
				166A81B32637406C0015AA1D /* Info.plist */,
				650D169B28FFA54B00EE9339 /* Dangerfile.swift */,
				650D169A28FFA42800EE9339 /* Package.swift */,
				650D169728FFA40B00EE9339 /* Sources */,
				AAAC875C2D3091680022DA7A /* Pocket Intents */,
				AAAC87632D30921F0022DA7A /* Launch Screen */,
				16973354263CBB290003DE2A /* Config */,
				AAAC88E32D3093A00022DA7A /* Tests iOS */,
				AAAC876A2D3092610022DA7A /* SaveToPocket */,
				AAAC87712D3092690022DA7A /* PushNotificationServiceExtension */,
				AAAC87782D30926E0022DA7A /* PushNotificationStoryExtension */,
				AAAC879D2D3092730022DA7A /* ItemWidgets */,
				AAAC87BB2D3092790022DA7A /* iMessageExtension */,
				F220F2B8264DC2750064D272 /* Frameworks */,
				166A81B12637406C0015AA1D /* Products */,
			);
			sourceTree = "<group>";
		};
		166A81B12637406C0015AA1D /* Products */ = {
			isa = PBXGroup;
			children = (
				166A81B02637406C0015AA1D /* Pocket.app */,
				166A81C02637406C0015AA1D /* Tests iOS.xctest */,
				F204A76027E22EC50010E155 /* SaveToPocket.appex */,
				650FECCB28BA85F300A3CB0C /* PushNotificationServiceExtension.appex */,
				65EC272528BA8AD50075E1DF /* PushNotificationStoryExtension.appex */,
				AA2E89012A0D8847004A27BD /* ItemWidgets.appex */,
				656A99D52B237F6300FCFDC4 /* iMessageExtension.appex */,
			);
			name = Products;
			sourceTree = "<group>";
		};
		16973354263CBB290003DE2A /* Config */ = {
			isa = PBXGroup;
			children = (
				653DA74529C3C11200123847 /* secrets_alpha_neue.xcconfig */,
				AA909AC8299EFD3A00F90FA7 /* secrets_test.xcconfig */,
				16973355263CBB3F0003DE2A /* secrets.xcconfig */,
				AA909ACC299F4D5400F90FA7 /* Test_Subscriptions.storekit */,
			);
			path = Config;
			sourceTree = "<group>";
		};
		F220F2B8264DC2750064D272 /* Frameworks */ = {
			isa = PBXGroup;
			children = (
				AA2E89172A0D9391004A27BD /* libcmark-gfm.tbd */,
				AA7D6A2A2995F0A20094FD18 /* StoreKit.framework */,
				F227F0C3265E96290031F985 /* CoreText.framework */,
				65EC272628BA8AD50075E1DF /* UserNotifications.framework */,
				65EC272828BA8AD50075E1DF /* UserNotificationsUI.framework */,
				AA2E89022A0D8847004A27BD /* WidgetKit.framework */,
				AA2E89042A0D8847004A27BD /* SwiftUI.framework */,
				65BE9F542B228AA80059C3C4 /* Messages.framework */,
			);
			name = Frameworks;
			sourceTree = "<group>";
		};
/* End PBXGroup section */

/* Begin PBXNativeTarget section */
		166A81AF2637406C0015AA1D /* Pocket (iOS) */ = {
			isa = PBXNativeTarget;
			buildConfigurationList = 166A81DA2637406C0015AA1D /* Build configuration list for PBXNativeTarget "Pocket (iOS)" */;
			buildPhases = (
				651D13662995A0C10055F7EB /* Swiftgen */,
				655C274F28B68AE40040AEAB /* Swiftlint */,
				166A81AC2637406C0015AA1D /* Sources */,
				166A81AD2637406C0015AA1D /* Frameworks */,
				166A81AE2637406C0015AA1D /* Resources */,
				F220F2B0264DC0DE0064D272 /* Embed Frameworks */,
				166DF27727E9160A00C03BF4 /* Embed Foundation Extensions */,
			);
			buildRules = (
			);
			dependencies = (
				166DF27627E9160A00C03BF4 /* PBXTargetDependency */,
				650FECD128BA85F300A3CB0C /* PBXTargetDependency */,
				65EC273228BA8AD50075E1DF /* PBXTargetDependency */,
				AA2E890F2A0D8849004A27BD /* PBXTargetDependency */,
				656A99E12B237F6300FCFDC4 /* PBXTargetDependency */,
			);
			fileSystemSynchronizedGroups = (
				AAAC875C2D3091680022DA7A /* Pocket Intents */,
				AAAC87632D30921F0022DA7A /* Launch Screen */,
			);
			name = "Pocket (iOS)";
			packageProductDependencies = (
				16BA7D6526851579009A17C1 /* PocketKit */,
				3859089E29D35B2F00C8C17F /* Adjust */,
				385908A029D35B2F00C8C17F /* Criteo */,
				385908A229D35B2F00C8C17F /* Sociomantic */,
				385908A429D35B2F00C8C17F /* Trademob */,
				385908A629D35B2F00C8C17F /* WebBridge */,
			);
			productName = "Pocket (iOS)";
			productReference = 166A81B02637406C0015AA1D /* Pocket.app */;
			productType = "com.apple.product-type.application";
		};
		166A81BF2637406C0015AA1D /* Tests iOS */ = {
			isa = PBXNativeTarget;
			buildConfigurationList = 166A81E02637406C0015AA1D /* Build configuration list for PBXNativeTarget "Tests iOS" */;
			buildPhases = (
				166A81BC2637406C0015AA1D /* Sources */,
				166A81BD2637406C0015AA1D /* Frameworks */,
				166A81BE2637406C0015AA1D /* Resources */,
			);
			buildRules = (
			);
			dependencies = (
				166A81C22637406C0015AA1D /* PBXTargetDependency */,
			);
			fileSystemSynchronizedGroups = (
				AAAC88E32D3093A00022DA7A /* Tests iOS */,
			);
			name = "Tests iOS";
			packageProductDependencies = (
				8A3B77BC29E0AEEB00AD71D0 /* PocketKit */,
				6547A0FE29F1812E00F6FC6B /* Sails */,
				650EEAB829F35395004D66BD /* PocketGraphTestMocks */,
				650EEABB29F35499004D66BD /* ApolloTestSupport */,
			);
			productName = "Tests iOS";
			productReference = 166A81C02637406C0015AA1D /* Tests iOS.xctest */;
			productType = "com.apple.product-type.bundle.ui-testing";
		};
		650FECCA28BA85F300A3CB0C /* PushNotificationServiceExtension */ = {
			isa = PBXNativeTarget;
			buildConfigurationList = 650FECD328BA85F300A3CB0C /* Build configuration list for PBXNativeTarget "PushNotificationServiceExtension" */;
			buildPhases = (
				650FECC728BA85F300A3CB0C /* Sources */,
				650FECC828BA85F300A3CB0C /* Frameworks */,
				650FECC928BA85F300A3CB0C /* Resources */,
			);
			buildRules = (
			);
			dependencies = (
			);
			name = PushNotificationServiceExtension;
			packageProductDependencies = (
				AAB4F3A52BBCA6140047A003 /* BrazeNotificationService */,
			);
			productName = PushNotificationServiceExtension;
			productReference = 650FECCB28BA85F300A3CB0C /* PushNotificationServiceExtension.appex */;
			productType = "com.apple.product-type.app-extension";
		};
		656A99D42B237F6300FCFDC4 /* iMessageExtension */ = {
			isa = PBXNativeTarget;
			buildConfigurationList = 656A99E32B237F6400FCFDC4 /* Build configuration list for PBXNativeTarget "iMessageExtension" */;
			buildPhases = (
				656A99D12B237F6300FCFDC4 /* Sources */,
				656A99D22B237F6300FCFDC4 /* Frameworks */,
				656A99D32B237F6300FCFDC4 /* Resources */,
			);
			buildRules = (
			);
			dependencies = (
			);
			fileSystemSynchronizedGroups = (
				AAAC87BB2D3092790022DA7A /* iMessageExtension */,
			);
			name = iMessageExtension;
			packageProductDependencies = (
				656A99E72B237FC500FCFDC4 /* PocketStickerKit */,
			);
			productName = iMessageExtension;
			productReference = 656A99D52B237F6300FCFDC4 /* iMessageExtension.appex */;
			productType = "com.apple.product-type.app-extension.messages";
		};
		65EC272428BA8AD50075E1DF /* PushNotificationStoryExtension */ = {
			isa = PBXNativeTarget;
			buildConfigurationList = 65EC273428BA8AD50075E1DF /* Build configuration list for PBXNativeTarget "PushNotificationStoryExtension" */;
			buildPhases = (
				65EC272128BA8AD50075E1DF /* Sources */,
				65EC272228BA8AD50075E1DF /* Frameworks */,
				65EC272328BA8AD50075E1DF /* Resources */,
			);
			buildRules = (
			);
			dependencies = (
			);
			name = PushNotificationStoryExtension;
			packageProductDependencies = (
				AAB4F3A72BBCA6140047A003 /* BrazePushStory */,
			);
			productName = PushNotificationStoryExtension;
			productReference = 65EC272528BA8AD50075E1DF /* PushNotificationStoryExtension.appex */;
			productType = "com.apple.product-type.app-extension";
		};
		AA2E89002A0D8847004A27BD /* ItemWidgets */ = {
			isa = PBXNativeTarget;
			buildConfigurationList = AA2E89162A0D884A004A27BD /* Build configuration list for PBXNativeTarget "ItemWidgets" */;
			buildPhases = (
				AA2E88FD2A0D8847004A27BD /* Sources */,
				AA2E88FE2A0D8847004A27BD /* Frameworks */,
				AA2E88FF2A0D8847004A27BD /* Resources */,
			);
			buildRules = (
			);
			dependencies = (
			);
			fileSystemSynchronizedGroups = (
				AAAC879D2D3092730022DA7A /* ItemWidgets */,
			);
			name = ItemWidgets;
			packageProductDependencies = (
				AA41DD8E2BD04EC9003CEDBF /* Textile */,
				AA41DD902BD04EF0003CEDBF /* Sync */,
			);
			productName = RecentSavesWidgetExtension;
			productReference = AA2E89012A0D8847004A27BD /* ItemWidgets.appex */;
			productType = "com.apple.product-type.app-extension";
		};
		F204A75F27E22EC50010E155 /* SaveToPocket */ = {
			isa = PBXNativeTarget;
			buildConfigurationList = F204A76E27E22EC50010E155 /* Build configuration list for PBXNativeTarget "SaveToPocket" */;
			buildPhases = (
				F204A75C27E22EC50010E155 /* Sources */,
				F204A75D27E22EC50010E155 /* Frameworks */,
				F204A75E27E22EC50010E155 /* Resources */,
			);
			buildRules = (
			);
			dependencies = (
			);
			name = SaveToPocket;
			packageProductDependencies = (
				F2687E7227E28F0F00E43F09 /* SaveToPocketKit */,
			);
			productName = "Share Extension";
			productReference = F204A76027E22EC50010E155 /* SaveToPocket.appex */;
			productType = "com.apple.product-type.app-extension";
		};
/* End PBXNativeTarget section */

/* Begin PBXProject section */
		166A81A42637406B0015AA1D /* Project object */ = {
			isa = PBXProject;
			attributes = {
				BuildIndependentTargetsInParallel = YES;
				LastSwiftUpdateCheck = 1610;
				LastUpgradeCheck = 1530;
				TargetAttributes = {
					166A81AF2637406C0015AA1D = {
						CreatedOnToolsVersion = 12.5;
						LastSwiftMigration = 1250;
					};
					166A81BF2637406C0015AA1D = {
						CreatedOnToolsVersion = 12.5;
						TestTargetID = 166A81AF2637406C0015AA1D;
					};
					650FECCA28BA85F300A3CB0C = {
						CreatedOnToolsVersion = 13.4.1;
					};
					656A99D42B237F6300FCFDC4 = {
						CreatedOnToolsVersion = 15.0.1;
						LastSwiftMigration = 1510;
					};
					65EC272428BA8AD50075E1DF = {
						CreatedOnToolsVersion = 13.4.1;
					};
					AA2E89002A0D8847004A27BD = {
						CreatedOnToolsVersion = 14.3;
					};
					F204A75F27E22EC50010E155 = {
						CreatedOnToolsVersion = 13.3;
						LastSwiftMigration = 1330;
					};
				};
			};
			buildConfigurationList = 166A81A72637406B0015AA1D /* Build configuration list for PBXProject "Pocket" */;
			compatibilityVersion = "Xcode 9.3";
			developmentRegion = en;
			hasScannedForEncodings = 0;
			knownRegions = (
				en,
				Base,
				"fr-CA",
				"zh-Hans",
				"zh-Hant",
				nl,
				fr,
				de,
				it,
				ja,
				ko,
				pl,
				"pt-BR",
				"pt-PT",
				ru,
				"es-419",
				es,
			);
			mainGroup = 166A81A32637406B0015AA1D;
			packageReferences = (
				3859089D29D35B2F00C8C17F /* XCRemoteSwiftPackageReference "ios_sdk" */,
				6547A0FD29F17AAF00F6FC6B /* XCRemoteSwiftPackageReference "Sails" */,
				650EEABA29F35499004D66BD /* XCRemoteSwiftPackageReference "apollo-ios" */,
				AAB4F3A42BBCA6140047A003 /* XCRemoteSwiftPackageReference "braze-swift-sdk" */,
			);
			productRefGroup = 166A81B12637406C0015AA1D /* Products */;
			projectDirPath = "";
			projectRoot = "";
			targets = (
				166A81AF2637406C0015AA1D /* Pocket (iOS) */,
				166A81BF2637406C0015AA1D /* Tests iOS */,
				F204A75F27E22EC50010E155 /* SaveToPocket */,
				650FECCA28BA85F300A3CB0C /* PushNotificationServiceExtension */,
				65EC272428BA8AD50075E1DF /* PushNotificationStoryExtension */,
				AA2E89002A0D8847004A27BD /* ItemWidgets */,
				656A99D42B237F6300FCFDC4 /* iMessageExtension */,
			);
		};
/* End PBXProject section */

/* Begin PBXResourcesBuildPhase section */
		166A81AE2637406C0015AA1D /* Resources */ = {
			isa = PBXResourcesBuildPhase;
			buildActionMask = 2147483647;
			files = (
				65D3105229CEACF100952D64 /* PKTListenResources.bundle in Resources */,
				16E32B0226851AEB000CC36D /* Assets.xcassets in Resources */,
				AA8BADE42BC88A5D004F1959 /* PrivacyInfo.xcprivacy in Resources */,
			);
			runOnlyForDeploymentPostprocessing = 0;
		};
		166A81BE2637406C0015AA1D /* Resources */ = {
			isa = PBXResourcesBuildPhase;
			buildActionMask = 2147483647;
			files = (
				AA9DB97429B6E6480046AEF6 /* Test_Subscriptions.storekit in Resources */,
			);
			runOnlyForDeploymentPostprocessing = 0;
		};
		650FECC928BA85F300A3CB0C /* Resources */ = {
			isa = PBXResourcesBuildPhase;
			buildActionMask = 2147483647;
			files = (
			);
			runOnlyForDeploymentPostprocessing = 0;
		};
		656A99D32B237F6300FCFDC4 /* Resources */ = {
			isa = PBXResourcesBuildPhase;
			buildActionMask = 2147483647;
			files = (
			);
			runOnlyForDeploymentPostprocessing = 0;
		};
		65EC272328BA8AD50075E1DF /* Resources */ = {
			isa = PBXResourcesBuildPhase;
			buildActionMask = 2147483647;
			files = (
			);
			runOnlyForDeploymentPostprocessing = 0;
		};
		AA2E88FF2A0D8847004A27BD /* Resources */ = {
			isa = PBXResourcesBuildPhase;
			buildActionMask = 2147483647;
			files = (
			);
			runOnlyForDeploymentPostprocessing = 0;
		};
		F204A75E27E22EC50010E155 /* Resources */ = {
			isa = PBXResourcesBuildPhase;
			buildActionMask = 2147483647;
			files = (
			);
			runOnlyForDeploymentPostprocessing = 0;
		};
/* End PBXResourcesBuildPhase section */

/* Begin PBXShellScriptBuildPhase section */
		651D13662995A0C10055F7EB /* Swiftgen */ = {
			isa = PBXShellScriptBuildPhase;
			alwaysOutOfDate = 1;
			buildActionMask = 2147483647;
			files = (
			);
			inputFileListPaths = (
			);
			inputPaths = (
			);
			name = Swiftgen;
			outputFileListPaths = (
			);
			outputPaths = (
			);
			runOnlyForDeploymentPostprocessing = 0;
			shellPath = /bin/sh;
			shellScript = "export PATH=\"$PATH:/opt/homebrew/bin\"\n\nif which swiftgen > /dev/null; then\n  if [ \"$CONFIGURATION\" = 'Debug' ]; then\n    swiftgen\n  else \n    echo \"Skipping swiftgen because it is not a local developer build.\"\n  fi  \nelse\n  echo \"warning: SwiftGen not installed, install via brew install swiftgen\"\nfi\n";
		};
		655C274F28B68AE40040AEAB /* Swiftlint */ = {
			isa = PBXShellScriptBuildPhase;
			alwaysOutOfDate = 1;
			buildActionMask = 12;
			files = (
			);
			inputFileListPaths = (
			);
			inputPaths = (
				"$(SRCROOT)/PocketKit",
			);
			name = Swiftlint;
			outputFileListPaths = (
			);
			outputPaths = (
			);
			runOnlyForDeploymentPostprocessing = 0;
			shellPath = /bin/sh;
			shellScript = "export PATH=\"$PATH:/opt/homebrew/bin\"\n\nif which swiftlint > /dev/null; then\n  if [ \"$CONFIGURATION\" = 'Debug' ] || [ \"$CONFIGURATION\" = 'Debug_AlphaNeue' ]; then\n    swiftlint --strict\n  else \n    echo \"Skipping swift lint because it is not a local developer build.\"\n  fi  \nelse\n  echo \"warning: SwiftLint not installed, download from https://github.com/realm/SwiftLint\"\nfi\n";
		};
/* End PBXShellScriptBuildPhase section */

/* Begin PBXSourcesBuildPhase section */
		166A81AC2637406C0015AA1D /* Sources */ = {
			isa = PBXSourcesBuildPhase;
			buildActionMask = 2147483647;
			files = (
				16BA7D6326851513009A17C1 /* PocketApp.swift in Sources */,
			);
			runOnlyForDeploymentPostprocessing = 0;
		};
		166A81BC2637406C0015AA1D /* Sources */ = {
			isa = PBXSourcesBuildPhase;
			buildActionMask = 2147483647;
			files = (
			);
			runOnlyForDeploymentPostprocessing = 0;
		};
		650FECC728BA85F300A3CB0C /* Sources */ = {
			isa = PBXSourcesBuildPhase;
			buildActionMask = 2147483647;
			files = (
			);
			runOnlyForDeploymentPostprocessing = 0;
		};
		656A99D12B237F6300FCFDC4 /* Sources */ = {
			isa = PBXSourcesBuildPhase;
			buildActionMask = 2147483647;
			files = (
			);
			runOnlyForDeploymentPostprocessing = 0;
		};
		65EC272128BA8AD50075E1DF /* Sources */ = {
			isa = PBXSourcesBuildPhase;
			buildActionMask = 2147483647;
			files = (
			);
			runOnlyForDeploymentPostprocessing = 0;
		};
		AA2E88FD2A0D8847004A27BD /* Sources */ = {
			isa = PBXSourcesBuildPhase;
			buildActionMask = 2147483647;
			files = (
			);
			runOnlyForDeploymentPostprocessing = 0;
		};
		F204A75C27E22EC50010E155 /* Sources */ = {
			isa = PBXSourcesBuildPhase;
			buildActionMask = 2147483647;
			files = (
			);
			runOnlyForDeploymentPostprocessing = 0;
		};
/* End PBXSourcesBuildPhase section */

/* Begin PBXTargetDependency section */
		166A81C22637406C0015AA1D /* PBXTargetDependency */ = {
			isa = PBXTargetDependency;
			target = 166A81AF2637406C0015AA1D /* Pocket (iOS) */;
			targetProxy = 166A81C12637406C0015AA1D /* PBXContainerItemProxy */;
		};
		166DF27627E9160A00C03BF4 /* PBXTargetDependency */ = {
			isa = PBXTargetDependency;
			target = F204A75F27E22EC50010E155 /* SaveToPocket */;
			targetProxy = 166DF27527E9160A00C03BF4 /* PBXContainerItemProxy */;
		};
		650FECD128BA85F300A3CB0C /* PBXTargetDependency */ = {
			isa = PBXTargetDependency;
			target = 650FECCA28BA85F300A3CB0C /* PushNotificationServiceExtension */;
			targetProxy = 650FECD028BA85F300A3CB0C /* PBXContainerItemProxy */;
		};
		656A99E12B237F6300FCFDC4 /* PBXTargetDependency */ = {
			isa = PBXTargetDependency;
			target = 656A99D42B237F6300FCFDC4 /* iMessageExtension */;
			targetProxy = 656A99E02B237F6300FCFDC4 /* PBXContainerItemProxy */;
		};
		65EC273228BA8AD50075E1DF /* PBXTargetDependency */ = {
			isa = PBXTargetDependency;
			target = 65EC272428BA8AD50075E1DF /* PushNotificationStoryExtension */;
			targetProxy = 65EC273128BA8AD50075E1DF /* PBXContainerItemProxy */;
		};
		AA2E890F2A0D8849004A27BD /* PBXTargetDependency */ = {
			isa = PBXTargetDependency;
			target = AA2E89002A0D8847004A27BD /* ItemWidgets */;
			targetProxy = AA2E890E2A0D8849004A27BD /* PBXContainerItemProxy */;
		};
/* End PBXTargetDependency section */

/* Begin XCBuildConfiguration section */
		166A81D82637406C0015AA1D /* Debug */ = {
			isa = XCBuildConfiguration;
			baseConfigurationReference = 16973355263CBB3F0003DE2A /* secrets.xcconfig */;
			buildSettings = {
				ALWAYS_SEARCH_USER_PATHS = NO;
				ASSETCATALOG_COMPILER_GENERATE_SWIFT_ASSET_SYMBOL_EXTENSIONS = YES;
				CLANG_ANALYZER_LOCALIZABILITY_NONLOCALIZED = YES;
				CLANG_ANALYZER_NONNULL = YES;
				CLANG_ANALYZER_NUMBER_OBJECT_CONVERSION = YES_AGGRESSIVE;
				CLANG_CXX_LANGUAGE_STANDARD = "gnu++14";
				CLANG_CXX_LIBRARY = "libc++";
				CLANG_ENABLE_MODULES = YES;
				CLANG_ENABLE_OBJC_ARC = YES;
				CLANG_ENABLE_OBJC_WEAK = YES;
				CLANG_WARN_BLOCK_CAPTURE_AUTORELEASING = YES;
				CLANG_WARN_BOOL_CONVERSION = YES;
				CLANG_WARN_COMMA = YES;
				CLANG_WARN_CONSTANT_CONVERSION = YES;
				CLANG_WARN_DEPRECATED_OBJC_IMPLEMENTATIONS = YES;
				CLANG_WARN_DIRECT_OBJC_ISA_USAGE = YES_ERROR;
				CLANG_WARN_DOCUMENTATION_COMMENTS = YES;
				CLANG_WARN_EMPTY_BODY = YES;
				CLANG_WARN_ENUM_CONVERSION = YES;
				CLANG_WARN_INFINITE_RECURSION = YES;
				CLANG_WARN_INT_CONVERSION = YES;
				CLANG_WARN_NON_LITERAL_NULL_CONVERSION = YES;
				CLANG_WARN_OBJC_IMPLICIT_RETAIN_SELF = YES;
				CLANG_WARN_OBJC_LITERAL_CONVERSION = YES;
				CLANG_WARN_OBJC_ROOT_CLASS = YES_ERROR;
				CLANG_WARN_QUOTED_INCLUDE_IN_FRAMEWORK_HEADER = YES;
				CLANG_WARN_RANGE_LOOP_ANALYSIS = YES;
				CLANG_WARN_STRICT_PROTOTYPES = YES;
				CLANG_WARN_SUSPICIOUS_MOVE = YES;
				CLANG_WARN_UNGUARDED_AVAILABILITY = YES_AGGRESSIVE;
				CLANG_WARN_UNREACHABLE_CODE = YES;
				CLANG_WARN__DUPLICATE_METHOD_MATCH = YES;
				COPY_PHASE_STRIP = NO;
				CURRENT_PROJECT_VERSION = 1;
				DEAD_CODE_STRIPPING = YES;
				DEBUG_INFORMATION_FORMAT = dwarf;
				DEVELOPMENT_TEAM = EX3VH4YFCH;
				ENABLE_STRICT_OBJC_MSGSEND = YES;
				ENABLE_TESTABILITY = YES;
				GCC_C_LANGUAGE_STANDARD = gnu11;
				GCC_DYNAMIC_NO_PIC = NO;
				GCC_NO_COMMON_BLOCKS = YES;
				GCC_OPTIMIZATION_LEVEL = 0;
				GCC_PREPROCESSOR_DEFINITIONS = (
					"DEBUG=1",
					"$(inherited)",
				);
				GCC_WARN_64_TO_32_BIT_CONVERSION = YES;
				GCC_WARN_ABOUT_RETURN_TYPE = YES_ERROR;
				GCC_WARN_UNDECLARED_SELECTOR = YES;
				GCC_WARN_UNINITIALIZED_AUTOS = YES_AGGRESSIVE;
				GCC_WARN_UNUSED_FUNCTION = YES;
				GCC_WARN_UNUSED_VARIABLE = YES;
				MARKETING_VERSION = 8.24.0;
				MTL_ENABLE_DEBUG_INFO = INCLUDE_SOURCE;
				MTL_FAST_MATH = YES;
				ONLY_ACTIVE_ARCH = YES;
				POCKET_API_BASE_URL = "https://api.getpocket.com/graphql";
				SWIFT_ACTIVE_COMPILATION_CONDITIONS = DEBUG;
				SWIFT_EMIT_LOC_STRINGS = YES;
				SWIFT_OPTIMIZATION_LEVEL = "-Onone";
			};
			name = Debug;
		};
		166A81D92637406C0015AA1D /* Release */ = {
			isa = XCBuildConfiguration;
			baseConfigurationReference = 16973355263CBB3F0003DE2A /* secrets.xcconfig */;
			buildSettings = {
				ALWAYS_SEARCH_USER_PATHS = NO;
				ASSETCATALOG_COMPILER_GENERATE_SWIFT_ASSET_SYMBOL_EXTENSIONS = YES;
				CLANG_ANALYZER_LOCALIZABILITY_NONLOCALIZED = YES;
				CLANG_ANALYZER_NONNULL = YES;
				CLANG_ANALYZER_NUMBER_OBJECT_CONVERSION = YES_AGGRESSIVE;
				CLANG_CXX_LANGUAGE_STANDARD = "gnu++14";
				CLANG_CXX_LIBRARY = "libc++";
				CLANG_ENABLE_MODULES = YES;
				CLANG_ENABLE_OBJC_ARC = YES;
				CLANG_ENABLE_OBJC_WEAK = YES;
				CLANG_WARN_BLOCK_CAPTURE_AUTORELEASING = YES;
				CLANG_WARN_BOOL_CONVERSION = YES;
				CLANG_WARN_COMMA = YES;
				CLANG_WARN_CONSTANT_CONVERSION = YES;
				CLANG_WARN_DEPRECATED_OBJC_IMPLEMENTATIONS = YES;
				CLANG_WARN_DIRECT_OBJC_ISA_USAGE = YES_ERROR;
				CLANG_WARN_DOCUMENTATION_COMMENTS = YES;
				CLANG_WARN_EMPTY_BODY = YES;
				CLANG_WARN_ENUM_CONVERSION = YES;
				CLANG_WARN_INFINITE_RECURSION = YES;
				CLANG_WARN_INT_CONVERSION = YES;
				CLANG_WARN_NON_LITERAL_NULL_CONVERSION = YES;
				CLANG_WARN_OBJC_IMPLICIT_RETAIN_SELF = YES;
				CLANG_WARN_OBJC_LITERAL_CONVERSION = YES;
				CLANG_WARN_OBJC_ROOT_CLASS = YES_ERROR;
				CLANG_WARN_QUOTED_INCLUDE_IN_FRAMEWORK_HEADER = YES;
				CLANG_WARN_RANGE_LOOP_ANALYSIS = YES;
				CLANG_WARN_STRICT_PROTOTYPES = YES;
				CLANG_WARN_SUSPICIOUS_MOVE = YES;
				CLANG_WARN_UNGUARDED_AVAILABILITY = YES_AGGRESSIVE;
				CLANG_WARN_UNREACHABLE_CODE = YES;
				CLANG_WARN__DUPLICATE_METHOD_MATCH = YES;
				COPY_PHASE_STRIP = NO;
				CURRENT_PROJECT_VERSION = 1;
				DEAD_CODE_STRIPPING = YES;
				DEBUG_INFORMATION_FORMAT = "dwarf-with-dsym";
				DEVELOPMENT_TEAM = EX3VH4YFCH;
				ENABLE_NS_ASSERTIONS = NO;
				ENABLE_STRICT_OBJC_MSGSEND = YES;
				GCC_C_LANGUAGE_STANDARD = gnu11;
				GCC_NO_COMMON_BLOCKS = YES;
				GCC_WARN_64_TO_32_BIT_CONVERSION = YES;
				GCC_WARN_ABOUT_RETURN_TYPE = YES_ERROR;
				GCC_WARN_UNDECLARED_SELECTOR = YES;
				GCC_WARN_UNINITIALIZED_AUTOS = YES_AGGRESSIVE;
				GCC_WARN_UNUSED_FUNCTION = YES;
				GCC_WARN_UNUSED_VARIABLE = YES;
				MARKETING_VERSION = 8.24.0;
				MTL_ENABLE_DEBUG_INFO = NO;
				MTL_FAST_MATH = YES;
				POCKET_API_BASE_URL = "https://api.getpocket.com/graphql";
				SWIFT_COMPILATION_MODE = wholemodule;
				SWIFT_EMIT_LOC_STRINGS = YES;
				SWIFT_OPTIMIZATION_LEVEL = "-O";
			};
			name = Release;
		};
		166A81DB2637406C0015AA1D /* Debug */ = {
			isa = XCBuildConfiguration;
			buildSettings = {
				ASSETCATALOG_COMPILER_ALTERNATE_APPICON_NAMES = "AppIcon-Monochrome AppIcon-Pride AppIcon-Classic";
				ASSETCATALOG_COMPILER_APPICON_NAME = AppIcon;
				ASSETCATALOG_COMPILER_GLOBAL_ACCENT_COLOR_NAME = AccentColor;
				CLANG_ENABLE_MODULES = YES;
				CODE_SIGN_ENTITLEMENTS = Pocket_iOS_Debug.entitlements;
				CODE_SIGN_IDENTITY = "Apple Development";
				CODE_SIGN_STYLE = Automatic;
				DEVELOPMENT_TEAM = 43AQ936H96;
				ENABLE_BITCODE = NO;
				ENABLE_PREVIEWS = YES;
				INFOPLIST_FILE = Info.plist;
				IPHONEOS_DEPLOYMENT_TARGET = 17.0;
				LD_RUNPATH_SEARCH_PATHS = (
					"$(inherited)",
					"@executable_path/Frameworks",
				);
				MACOSX_DEPLOYMENT_TARGET = 14.0;
				MARKETING_VERSION = 8.24.0;
				PRODUCT_BUNDLE_IDENTIFIER = com.ideashower.ReadItLaterPro;
				PRODUCT_NAME = Pocket;
				PROVISIONING_PROFILE_SPECIFIER = "";
				SDKROOT = iphoneos;
				SWIFT_OPTIMIZATION_LEVEL = "-Onone";
				SWIFT_VERSION = 5.0;
				TARGETED_DEVICE_FAMILY = "1,2";
			};
			name = Debug;
		};
		166A81DC2637406C0015AA1D /* Release */ = {
			isa = XCBuildConfiguration;
			buildSettings = {
				ASSETCATALOG_COMPILER_ALTERNATE_APPICON_NAMES = "AppIcon-Monochrome AppIcon-Pride AppIcon-Classic";
				ASSETCATALOG_COMPILER_APPICON_NAME = AppIcon;
				ASSETCATALOG_COMPILER_GLOBAL_ACCENT_COLOR_NAME = AccentColor;
				CLANG_ENABLE_MODULES = YES;
				CODE_SIGN_ENTITLEMENTS = Pocket_iOS_Release.entitlements;
				CODE_SIGN_IDENTITY = "iPhone Distribution";
				CODE_SIGN_STYLE = Manual;
				DEVELOPMENT_TEAM = 43AQ936H96;
				ENABLE_BITCODE = NO;
				ENABLE_PREVIEWS = YES;
				INFOPLIST_FILE = Info.plist;
				IPHONEOS_DEPLOYMENT_TARGET = 17.0;
				LD_RUNPATH_SEARCH_PATHS = (
					"$(inherited)",
					"@executable_path/Frameworks",
				);
				MACOSX_DEPLOYMENT_TARGET = 14.0;
				MARKETING_VERSION = 8.24.0;
				PRODUCT_BUNDLE_IDENTIFIER = com.ideashower.ReadItLaterPro;
				PRODUCT_NAME = Pocket;
				PROVISIONING_PROFILE_SPECIFIER = "Bitrise com.ideashower.ReadItLaterPro";
				SDKROOT = iphoneos;
				SWIFT_VERSION = 5.0;
				TARGETED_DEVICE_FAMILY = "1,2";
				VALIDATE_PRODUCT = YES;
			};
			name = Release;
		};
		166A81E12637406C0015AA1D /* Debug */ = {
			isa = XCBuildConfiguration;
			buildSettings = {
				CODE_SIGN_IDENTITY = "Apple Development";
				CODE_SIGN_STYLE = Automatic;
				DEVELOPMENT_TEAM = 43AQ936H96;
				INFOPLIST_FILE = "Tests iOS/Info.plist";
				IPHONEOS_DEPLOYMENT_TARGET = 17.0;
				LD_RUNPATH_SEARCH_PATHS = (
					"$(inherited)",
					"@executable_path/Frameworks",
					"@loader_path/Frameworks",
				);
				MACOSX_DEPLOYMENT_TARGET = 14.0;
				MARKETING_VERSION = 8.24.0;
				PRODUCT_BUNDLE_IDENTIFIER = "com.ideashower.ReadItLaterProAlphaNeue.Tests-iOS";
				PRODUCT_NAME = "$(TARGET_NAME)";
				PROVISIONING_PROFILE_SPECIFIER = "";
				SDKROOT = iphoneos;
				SWIFT_VERSION = 5.0;
				TARGETED_DEVICE_FAMILY = "1,2";
				TEST_TARGET_NAME = "Pocket (iOS)";
			};
			name = Debug;
		};
		166A81E22637406C0015AA1D /* Release */ = {
			isa = XCBuildConfiguration;
			buildSettings = {
				CODE_SIGN_IDENTITY = "iPhone Distribution";
				CODE_SIGN_STYLE = Manual;
				DEVELOPMENT_TEAM = 43AQ936H96;
				INFOPLIST_FILE = "Tests iOS/Info.plist";
				IPHONEOS_DEPLOYMENT_TARGET = 17.0;
				LD_RUNPATH_SEARCH_PATHS = (
					"$(inherited)",
					"@executable_path/Frameworks",
					"@loader_path/Frameworks",
				);
				MACOSX_DEPLOYMENT_TARGET = 14.0;
				MARKETING_VERSION = 8.24.0;
				PRODUCT_BUNDLE_IDENTIFIER = "com.ideashower.ReadItLaterProAlphaNeue.Tests-iOS";
				PRODUCT_NAME = "$(TARGET_NAME)";
				PROVISIONING_PROFILE_SPECIFIER = "";
				SDKROOT = iphoneos;
				SWIFT_VERSION = 5.0;
				TARGETED_DEVICE_FAMILY = "1,2";
				TEST_TARGET_NAME = "Pocket (iOS)";
				VALIDATE_PRODUCT = YES;
			};
			name = Release;
		};
		650FECD428BA85F300A3CB0C /* Debug */ = {
			isa = XCBuildConfiguration;
			buildSettings = {
				CLANG_CXX_LANGUAGE_STANDARD = "gnu++17";
				CODE_SIGN_ENTITLEMENTS = PushNotificationServiceExtension/PushNotificationServiceExtension.entitlements;
				CODE_SIGN_IDENTITY = "Apple Development";
				CODE_SIGN_STYLE = Automatic;
				CURRENT_PROJECT_VERSION = 1;
				DEVELOPMENT_TEAM = 43AQ936H96;
				GENERATE_INFOPLIST_FILE = YES;
				INFOPLIST_FILE = PushNotificationServiceExtension/Info.plist;
				INFOPLIST_KEY_CFBundleDisplayName = PushNotificationServiceExtension;
				INFOPLIST_KEY_NSHumanReadableCopyright = "";
				IPHONEOS_DEPLOYMENT_TARGET = 17.0;
				LD_RUNPATH_SEARCH_PATHS = (
					"$(inherited)",
					"@executable_path/Frameworks",
					"@executable_path/../../Frameworks",
				);
				MACOSX_DEPLOYMENT_TARGET = 14.0;
				MARKETING_VERSION = 8.24.0;
				PRODUCT_BUNDLE_IDENTIFIER = com.ideashower.ReadItLaterPro.PushNotificationServiceExtension;
				PRODUCT_NAME = "$(TARGET_NAME)";
				PROVISIONING_PROFILE_SPECIFIER = "";
				SDKROOT = iphoneos;
				SKIP_INSTALL = YES;
				SWIFT_EMIT_LOC_STRINGS = YES;
				SWIFT_VERSION = 5.0;
				TARGETED_DEVICE_FAMILY = "1,2";
			};
			name = Debug;
		};
		650FECD628BA85F300A3CB0C /* Release */ = {
			isa = XCBuildConfiguration;
			buildSettings = {
				CLANG_CXX_LANGUAGE_STANDARD = "gnu++17";
				CODE_SIGN_ENTITLEMENTS = PushNotificationServiceExtension/PushNotificationServiceExtension.entitlements;
				CODE_SIGN_IDENTITY = "iPhone Distribution";
				CODE_SIGN_STYLE = Manual;
				CURRENT_PROJECT_VERSION = 1;
				DEVELOPMENT_TEAM = 43AQ936H96;
				GENERATE_INFOPLIST_FILE = YES;
				INFOPLIST_FILE = PushNotificationServiceExtension/Info.plist;
				INFOPLIST_KEY_CFBundleDisplayName = PushNotificationServiceExtension;
				INFOPLIST_KEY_NSHumanReadableCopyright = "";
				IPHONEOS_DEPLOYMENT_TARGET = 17.0;
				LD_RUNPATH_SEARCH_PATHS = (
					"$(inherited)",
					"@executable_path/Frameworks",
					"@executable_path/../../Frameworks",
				);
				MACOSX_DEPLOYMENT_TARGET = 14.0;
				MARKETING_VERSION = 8.24.0;
				PRODUCT_BUNDLE_IDENTIFIER = com.ideashower.ReadItLaterPro.PushNotificationServiceExtension;
				PRODUCT_NAME = "$(TARGET_NAME)";
				PROVISIONING_PROFILE_SPECIFIER = "Bitrise com.ideashower.ReadItLaterPro.PushNotifica";
				SDKROOT = iphoneos;
				SKIP_INSTALL = YES;
				SWIFT_EMIT_LOC_STRINGS = YES;
				SWIFT_VERSION = 5.0;
				TARGETED_DEVICE_FAMILY = "1,2";
				VALIDATE_PRODUCT = YES;
			};
			name = Release;
		};
		656A99E42B237F6400FCFDC4 /* Debug */ = {
			isa = XCBuildConfiguration;
			buildSettings = {
				ASSETCATALOG_COMPILER_APPICON_NAME = "iMessage App Icon";
				ASSETCATALOG_COMPILER_GENERATE_SWIFT_ASSET_SYMBOL_EXTENSIONS = YES;
				CLANG_CXX_LANGUAGE_STANDARD = "gnu++20";
				CLANG_ENABLE_MODULES = YES;
				CODE_SIGN_ENTITLEMENTS = iMessageExtension/iMessageExtension.entitlements;
				CODE_SIGN_IDENTITY = "Apple Development";
				CODE_SIGN_STYLE = Automatic;
				CURRENT_PROJECT_VERSION = 1;
				DEVELOPMENT_TEAM = 43AQ936H96;
				ENABLE_APP_SANDBOX = NO;
				ENABLE_USER_SCRIPT_SANDBOXING = YES;
				GCC_C_LANGUAGE_STANDARD = gnu17;
				GENERATE_INFOPLIST_FILE = YES;
				INFOPLIST_FILE = iMessageExtension/Info.plist;
				INFOPLIST_KEY_CFBundleDisplayName = Pocket;
				INFOPLIST_KEY_NSHumanReadableCopyright = "";
				IPHONEOS_DEPLOYMENT_TARGET = 17.0;
				LD_RUNPATH_SEARCH_PATHS = (
					"$(inherited)",
					"@executable_path/Frameworks",
					"@executable_path/../../Frameworks",
				);
				LOCALIZATION_PREFERS_STRING_CATALOGS = YES;
				MACOSX_DEPLOYMENT_TARGET = 14.0;
				MARKETING_VERSION = 8.24.0;
				PRODUCT_BUNDLE_IDENTIFIER = com.ideashower.ReadItLaterPro.iMessageExtension;
				PRODUCT_NAME = "$(TARGET_NAME)";
				SDKROOT = iphoneos;
				SKIP_INSTALL = YES;
				SWIFT_ACTIVE_COMPILATION_CONDITIONS = "DEBUG $(inherited)";
				SWIFT_EMIT_LOC_STRINGS = YES;
				SWIFT_OPTIMIZATION_LEVEL = "-Onone";
				SWIFT_VERSION = 5.0;
				TARGETED_DEVICE_FAMILY = "1,2";
			};
			name = Debug;
		};
		656A99E52B237F6400FCFDC4 /* Debug_Tests */ = {
			isa = XCBuildConfiguration;
			buildSettings = {
				ASSETCATALOG_COMPILER_APPICON_NAME = "iMessage App Icon";
				ASSETCATALOG_COMPILER_GENERATE_SWIFT_ASSET_SYMBOL_EXTENSIONS = YES;
				CLANG_CXX_LANGUAGE_STANDARD = "gnu++20";
				CLANG_ENABLE_MODULES = YES;
				CODE_SIGN_ENTITLEMENTS = iMessageExtension/iMessageExtension.entitlements;
				CODE_SIGN_IDENTITY = "Apple Development";
				CODE_SIGN_STYLE = Automatic;
				CURRENT_PROJECT_VERSION = 1;
				DEVELOPMENT_TEAM = 43AQ936H96;
				ENABLE_APP_SANDBOX = NO;
				ENABLE_USER_SCRIPT_SANDBOXING = YES;
				GCC_C_LANGUAGE_STANDARD = gnu17;
				GENERATE_INFOPLIST_FILE = YES;
				INFOPLIST_FILE = iMessageExtension/Info.plist;
				INFOPLIST_KEY_CFBundleDisplayName = Pocket;
				INFOPLIST_KEY_NSHumanReadableCopyright = "";
				IPHONEOS_DEPLOYMENT_TARGET = 17.0;
				LD_RUNPATH_SEARCH_PATHS = (
					"$(inherited)",
					"@executable_path/Frameworks",
					"@executable_path/../../Frameworks",
				);
				LOCALIZATION_PREFERS_STRING_CATALOGS = YES;
				MACOSX_DEPLOYMENT_TARGET = 14.0;
				MARKETING_VERSION = 8.24.0;
				PRODUCT_BUNDLE_IDENTIFIER = com.ideashower.ReadItLaterPro.iMessageExtension;
				PRODUCT_NAME = "$(TARGET_NAME)";
				SDKROOT = iphoneos;
				SKIP_INSTALL = YES;
				SWIFT_ACTIVE_COMPILATION_CONDITIONS = "DEBUG $(inherited)";
				SWIFT_EMIT_LOC_STRINGS = YES;
				SWIFT_OPTIMIZATION_LEVEL = "-Onone";
				SWIFT_VERSION = 5.0;
				TARGETED_DEVICE_FAMILY = "1,2";
			};
			name = Debug_Tests;
		};
		656A99E62B237F6400FCFDC4 /* Release */ = {
			isa = XCBuildConfiguration;
			buildSettings = {
				ASSETCATALOG_COMPILER_APPICON_NAME = "iMessage App Icon";
				ASSETCATALOG_COMPILER_GENERATE_SWIFT_ASSET_SYMBOL_EXTENSIONS = YES;
				CLANG_CXX_LANGUAGE_STANDARD = "gnu++20";
				CLANG_ENABLE_MODULES = YES;
				CODE_SIGN_ENTITLEMENTS = iMessageExtension/iMessageExtension.entitlements;
				CODE_SIGN_IDENTITY = "iPhone Distribution";
				CODE_SIGN_STYLE = Manual;
				CURRENT_PROJECT_VERSION = 1;
				DEVELOPMENT_TEAM = "";
				"DEVELOPMENT_TEAM[sdk=iphoneos*]" = 43AQ936H96;
				ENABLE_APP_SANDBOX = NO;
				ENABLE_USER_SCRIPT_SANDBOXING = YES;
				GCC_C_LANGUAGE_STANDARD = gnu17;
				GENERATE_INFOPLIST_FILE = YES;
				INFOPLIST_FILE = iMessageExtension/Info.plist;
				INFOPLIST_KEY_CFBundleDisplayName = Pocket;
				INFOPLIST_KEY_NSHumanReadableCopyright = "";
				IPHONEOS_DEPLOYMENT_TARGET = 17.0;
				LD_RUNPATH_SEARCH_PATHS = (
					"$(inherited)",
					"@executable_path/Frameworks",
					"@executable_path/../../Frameworks",
				);
				LOCALIZATION_PREFERS_STRING_CATALOGS = YES;
				MACOSX_DEPLOYMENT_TARGET = 14.0;
				MARKETING_VERSION = 8.24.0;
				PRODUCT_BUNDLE_IDENTIFIER = com.ideashower.ReadItLaterPro.iMessageExtension;
				PRODUCT_NAME = "$(TARGET_NAME)";
				PROVISIONING_PROFILE_SPECIFIER = "";
				"PROVISIONING_PROFILE_SPECIFIER[sdk=iphoneos*]" = "Bitrise com.ideashower.ReadItLaterPro.iMessageExte";
				SDKROOT = iphoneos;
				SKIP_INSTALL = YES;
				SWIFT_EMIT_LOC_STRINGS = YES;
				SWIFT_VERSION = 5.0;
				TARGETED_DEVICE_FAMILY = "1,2";
				VALIDATE_PRODUCT = YES;
			};
			name = Release;
		};
		65EC273528BA8AD50075E1DF /* Debug */ = {
			isa = XCBuildConfiguration;
			buildSettings = {
				CLANG_CXX_LANGUAGE_STANDARD = "gnu++17";
				CODE_SIGN_ENTITLEMENTS = PushNotificationStoryExtension/PushNotificationStoryExtension.entitlements;
				CODE_SIGN_IDENTITY = "Apple Development";
				CODE_SIGN_STYLE = Automatic;
				CURRENT_PROJECT_VERSION = 1;
				DEVELOPMENT_TEAM = 43AQ936H96;
				GENERATE_INFOPLIST_FILE = YES;
				INFOPLIST_FILE = PushNotificationStoryExtension/Info.plist;
				INFOPLIST_KEY_CFBundleDisplayName = PushNotificationStoryExtension;
				INFOPLIST_KEY_NSHumanReadableCopyright = "";
				IPHONEOS_DEPLOYMENT_TARGET = 17.0;
				LD_RUNPATH_SEARCH_PATHS = (
					"$(inherited)",
					"@executable_path/Frameworks",
					"@executable_path/../../Frameworks",
				);
				MACOSX_DEPLOYMENT_TARGET = 14.0;
				MARKETING_VERSION = 8.24.0;
				PRODUCT_BUNDLE_IDENTIFIER = com.ideashower.ReadItLaterPro.PushNotificationStoryExtension;
				PRODUCT_NAME = "$(TARGET_NAME)";
				PROVISIONING_PROFILE_SPECIFIER = "";
				SDKROOT = iphoneos;
				SKIP_INSTALL = YES;
				SWIFT_EMIT_LOC_STRINGS = NO;
				SWIFT_VERSION = 5.0;
				TARGETED_DEVICE_FAMILY = "1,2";
			};
			name = Debug;
		};
		65EC273728BA8AD50075E1DF /* Release */ = {
			isa = XCBuildConfiguration;
			buildSettings = {
				CLANG_CXX_LANGUAGE_STANDARD = "gnu++17";
				CODE_SIGN_ENTITLEMENTS = PushNotificationStoryExtension/PushNotificationStoryExtension.entitlements;
				CODE_SIGN_IDENTITY = "iPhone Distribution";
				CODE_SIGN_STYLE = Manual;
				CURRENT_PROJECT_VERSION = 1;
				DEVELOPMENT_TEAM = 43AQ936H96;
				GENERATE_INFOPLIST_FILE = YES;
				INFOPLIST_FILE = PushNotificationStoryExtension/Info.plist;
				INFOPLIST_KEY_CFBundleDisplayName = PushNotificationStoryExtension;
				INFOPLIST_KEY_NSHumanReadableCopyright = "";
				IPHONEOS_DEPLOYMENT_TARGET = 17.0;
				LD_RUNPATH_SEARCH_PATHS = (
					"$(inherited)",
					"@executable_path/Frameworks",
					"@executable_path/../../Frameworks",
				);
				MACOSX_DEPLOYMENT_TARGET = 14.0;
				MARKETING_VERSION = 8.24.0;
				PRODUCT_BUNDLE_IDENTIFIER = com.ideashower.ReadItLaterPro.PushNotificationStoryExtension;
				PRODUCT_NAME = "$(TARGET_NAME)";
				PROVISIONING_PROFILE_SPECIFIER = "Bitrise com.ideashower.ReadItLaterPro.PushStory";
				SDKROOT = iphoneos;
				SKIP_INSTALL = YES;
				SWIFT_EMIT_LOC_STRINGS = NO;
				SWIFT_VERSION = 5.0;
				TARGETED_DEVICE_FAMILY = "1,2";
				VALIDATE_PRODUCT = YES;
			};
			name = Release;
		};
		8A6EADDE29F87C2900355D92 /* Debug_Tests */ = {
			isa = XCBuildConfiguration;
			baseConfigurationReference = AA909AC8299EFD3A00F90FA7 /* secrets_test.xcconfig */;
			buildSettings = {
				ALWAYS_SEARCH_USER_PATHS = NO;
				ASSETCATALOG_COMPILER_GENERATE_SWIFT_ASSET_SYMBOL_EXTENSIONS = YES;
				CLANG_ANALYZER_LOCALIZABILITY_NONLOCALIZED = YES;
				CLANG_ANALYZER_NONNULL = YES;
				CLANG_ANALYZER_NUMBER_OBJECT_CONVERSION = YES_AGGRESSIVE;
				CLANG_CXX_LANGUAGE_STANDARD = "gnu++14";
				CLANG_CXX_LIBRARY = "libc++";
				CLANG_ENABLE_MODULES = YES;
				CLANG_ENABLE_OBJC_ARC = YES;
				CLANG_ENABLE_OBJC_WEAK = YES;
				CLANG_WARN_BLOCK_CAPTURE_AUTORELEASING = YES;
				CLANG_WARN_BOOL_CONVERSION = YES;
				CLANG_WARN_COMMA = YES;
				CLANG_WARN_CONSTANT_CONVERSION = YES;
				CLANG_WARN_DEPRECATED_OBJC_IMPLEMENTATIONS = YES;
				CLANG_WARN_DIRECT_OBJC_ISA_USAGE = YES_ERROR;
				CLANG_WARN_DOCUMENTATION_COMMENTS = YES;
				CLANG_WARN_EMPTY_BODY = YES;
				CLANG_WARN_ENUM_CONVERSION = YES;
				CLANG_WARN_INFINITE_RECURSION = YES;
				CLANG_WARN_INT_CONVERSION = YES;
				CLANG_WARN_NON_LITERAL_NULL_CONVERSION = YES;
				CLANG_WARN_OBJC_IMPLICIT_RETAIN_SELF = YES;
				CLANG_WARN_OBJC_LITERAL_CONVERSION = YES;
				CLANG_WARN_OBJC_ROOT_CLASS = YES_ERROR;
				CLANG_WARN_QUOTED_INCLUDE_IN_FRAMEWORK_HEADER = YES;
				CLANG_WARN_RANGE_LOOP_ANALYSIS = YES;
				CLANG_WARN_STRICT_PROTOTYPES = YES;
				CLANG_WARN_SUSPICIOUS_MOVE = YES;
				CLANG_WARN_UNGUARDED_AVAILABILITY = YES_AGGRESSIVE;
				CLANG_WARN_UNREACHABLE_CODE = YES;
				CLANG_WARN__DUPLICATE_METHOD_MATCH = YES;
				COPY_PHASE_STRIP = NO;
				CURRENT_PROJECT_VERSION = 1;
				DEAD_CODE_STRIPPING = YES;
				DEBUG_INFORMATION_FORMAT = dwarf;
				DEVELOPMENT_TEAM = EX3VH4YFCH;
				ENABLE_STRICT_OBJC_MSGSEND = YES;
				ENABLE_TESTABILITY = YES;
				GCC_C_LANGUAGE_STANDARD = gnu11;
				GCC_DYNAMIC_NO_PIC = NO;
				GCC_NO_COMMON_BLOCKS = YES;
				GCC_OPTIMIZATION_LEVEL = 0;
				GCC_PREPROCESSOR_DEFINITIONS = (
					"DEBUG=1",
					"$(inherited)",
				);
				GCC_WARN_64_TO_32_BIT_CONVERSION = YES;
				GCC_WARN_ABOUT_RETURN_TYPE = YES_ERROR;
				GCC_WARN_UNDECLARED_SELECTOR = YES;
				GCC_WARN_UNINITIALIZED_AUTOS = YES_AGGRESSIVE;
				GCC_WARN_UNUSED_FUNCTION = YES;
				GCC_WARN_UNUSED_VARIABLE = YES;
				MARKETING_VERSION = 8.24.0;
				MTL_ENABLE_DEBUG_INFO = INCLUDE_SOURCE;
				MTL_FAST_MATH = YES;
				ONLY_ACTIVE_ARCH = YES;
				POCKET_API_BASE_URL = "https://api.getpocket.com/graphql";
				SWIFT_ACTIVE_COMPILATION_CONDITIONS = DEBUG;
				SWIFT_EMIT_LOC_STRINGS = YES;
				SWIFT_OPTIMIZATION_LEVEL = "-Onone";
			};
			name = Debug_Tests;
		};
		8A6EADDF29F87C2900355D92 /* Debug_Tests */ = {
			isa = XCBuildConfiguration;
			buildSettings = {
				ASSETCATALOG_COMPILER_ALTERNATE_APPICON_NAMES = "AppIcon-Monochrome AppIcon-Pride AppIcon-Classic";
				ASSETCATALOG_COMPILER_APPICON_NAME = AppIcon;
				ASSETCATALOG_COMPILER_GLOBAL_ACCENT_COLOR_NAME = AccentColor;
				CLANG_ENABLE_MODULES = YES;
				CODE_SIGN_ENTITLEMENTS = Pocket_iOS_Debug.entitlements;
				CODE_SIGN_IDENTITY = "Apple Development";
				CODE_SIGN_STYLE = Automatic;
				DEVELOPMENT_TEAM = 43AQ936H96;
				ENABLE_BITCODE = NO;
				ENABLE_PREVIEWS = YES;
				INFOPLIST_FILE = Info.plist;
				IPHONEOS_DEPLOYMENT_TARGET = 17.0;
				LD_RUNPATH_SEARCH_PATHS = (
					"$(inherited)",
					"@executable_path/Frameworks",
				);
				MACOSX_DEPLOYMENT_TARGET = 14.0;
				MARKETING_VERSION = 8.24.0;
				PRODUCT_BUNDLE_IDENTIFIER = com.ideashower.ReadItLaterPro;
				PRODUCT_NAME = Pocket;
				PROVISIONING_PROFILE_SPECIFIER = "";
				SDKROOT = iphoneos;
				SWIFT_OPTIMIZATION_LEVEL = "-Onone";
				SWIFT_VERSION = 5.0;
				TARGETED_DEVICE_FAMILY = "1,2";
			};
			name = Debug_Tests;
		};
		8A6EADE029F87C2900355D92 /* Debug_Tests */ = {
			isa = XCBuildConfiguration;
			buildSettings = {
				CODE_SIGN_IDENTITY = "Apple Development";
				CODE_SIGN_STYLE = Automatic;
				DEVELOPMENT_TEAM = 43AQ936H96;
				INFOPLIST_FILE = "Tests iOS/Info.plist";
				IPHONEOS_DEPLOYMENT_TARGET = 17.0;
				LD_RUNPATH_SEARCH_PATHS = (
					"$(inherited)",
					"@executable_path/Frameworks",
					"@loader_path/Frameworks",
				);
				MACOSX_DEPLOYMENT_TARGET = 14.0;
				MARKETING_VERSION = 8.24.0;
				PRODUCT_BUNDLE_IDENTIFIER = "com.ideashower.ReadItLaterProAlphaNeue.Tests-iOS";
				PRODUCT_NAME = "$(TARGET_NAME)";
				PROVISIONING_PROFILE_SPECIFIER = "";
				SDKROOT = iphoneos;
				SWIFT_VERSION = 5.0;
				TARGETED_DEVICE_FAMILY = "1,2";
				TEST_TARGET_NAME = "Pocket (iOS)";
			};
			name = Debug_Tests;
		};
		8A6EADE129F87C2900355D92 /* Debug_Tests */ = {
			isa = XCBuildConfiguration;
			buildSettings = {
				CLANG_CXX_LANGUAGE_STANDARD = "gnu++17";
				CLANG_ENABLE_MODULES = YES;
				CODE_SIGN_ENTITLEMENTS = SaveToPocket/SaveToPocket.entitlements;
				CODE_SIGN_IDENTITY = "Apple Development";
				CODE_SIGN_STYLE = Automatic;
				DEVELOPMENT_TEAM = 43AQ936H96;
				ENABLE_BITCODE = NO;
				GENERATE_INFOPLIST_FILE = YES;
				INFOPLIST_FILE = "$(TARGET_NAME)/Info.plist";
				INFOPLIST_KEY_CFBundleDisplayName = "Save to Pocket";
				INFOPLIST_KEY_NSHumanReadableCopyright = "";
				IPHONEOS_DEPLOYMENT_TARGET = 17.0;
				LD_RUNPATH_SEARCH_PATHS = (
					"$(inherited)",
					"@executable_path/Frameworks",
					"@executable_path/../../Frameworks",
				);
				MACOSX_DEPLOYMENT_TARGET = 14.0;
				MARKETING_VERSION = 8.24.0;
				PRODUCT_BUNDLE_IDENTIFIER = com.ideashower.ReadItLaterPro.AddToPocketExtension;
				PRODUCT_NAME = "$(TARGET_NAME)";
				PROVISIONING_PROFILE_SPECIFIER = "";
				SDKROOT = iphoneos;
				SKIP_INSTALL = YES;
				SWIFT_EMIT_LOC_STRINGS = YES;
				SWIFT_OPTIMIZATION_LEVEL = "-Onone";
				SWIFT_VERSION = 5.0;
				TARGETED_DEVICE_FAMILY = "1,2";
			};
			name = Debug_Tests;
		};
		8A6EADE229F87C2900355D92 /* Debug_Tests */ = {
			isa = XCBuildConfiguration;
			buildSettings = {
				CLANG_CXX_LANGUAGE_STANDARD = "gnu++17";
				CODE_SIGN_ENTITLEMENTS = PushNotificationServiceExtension/PushNotificationServiceExtension.entitlements;
				CODE_SIGN_IDENTITY = "Apple Development";
				CODE_SIGN_STYLE = Automatic;
				CURRENT_PROJECT_VERSION = 1;
				DEVELOPMENT_TEAM = 43AQ936H96;
				GENERATE_INFOPLIST_FILE = YES;
				INFOPLIST_FILE = PushNotificationServiceExtension/Info.plist;
				INFOPLIST_KEY_CFBundleDisplayName = PushNotificationServiceExtension;
				INFOPLIST_KEY_NSHumanReadableCopyright = "";
				IPHONEOS_DEPLOYMENT_TARGET = 17.0;
				LD_RUNPATH_SEARCH_PATHS = (
					"$(inherited)",
					"@executable_path/Frameworks",
					"@executable_path/../../Frameworks",
				);
				MACOSX_DEPLOYMENT_TARGET = 14.0;
				MARKETING_VERSION = 8.24.0;
				PRODUCT_BUNDLE_IDENTIFIER = com.ideashower.ReadItLaterPro.PushNotificationServiceExtension;
				PRODUCT_NAME = "$(TARGET_NAME)";
				PROVISIONING_PROFILE_SPECIFIER = "";
				SDKROOT = iphoneos;
				SKIP_INSTALL = YES;
				SWIFT_EMIT_LOC_STRINGS = YES;
				SWIFT_VERSION = 5.0;
				TARGETED_DEVICE_FAMILY = "1,2";
			};
			name = Debug_Tests;
		};
		8A6EADE329F87C2900355D92 /* Debug_Tests */ = {
			isa = XCBuildConfiguration;
			buildSettings = {
				CLANG_CXX_LANGUAGE_STANDARD = "gnu++17";
				CODE_SIGN_ENTITLEMENTS = PushNotificationStoryExtension/PushNotificationStoryExtension.entitlements;
				CODE_SIGN_IDENTITY = "Apple Development";
				CODE_SIGN_STYLE = Automatic;
				CURRENT_PROJECT_VERSION = 1;
				DEVELOPMENT_TEAM = 43AQ936H96;
				GENERATE_INFOPLIST_FILE = YES;
				INFOPLIST_FILE = PushNotificationStoryExtension/Info.plist;
				INFOPLIST_KEY_CFBundleDisplayName = PushNotificationStoryExtension;
				INFOPLIST_KEY_NSHumanReadableCopyright = "";
				IPHONEOS_DEPLOYMENT_TARGET = 17.0;
				LD_RUNPATH_SEARCH_PATHS = (
					"$(inherited)",
					"@executable_path/Frameworks",
					"@executable_path/../../Frameworks",
				);
				MACOSX_DEPLOYMENT_TARGET = 14.0;
				MARKETING_VERSION = 8.24.0;
				PRODUCT_BUNDLE_IDENTIFIER = com.ideashower.ReadItLaterPro.PushNotificationStoryExtension;
				PRODUCT_NAME = "$(TARGET_NAME)";
				PROVISIONING_PROFILE_SPECIFIER = "";
				SDKROOT = iphoneos;
				SKIP_INSTALL = YES;
				SWIFT_EMIT_LOC_STRINGS = NO;
				SWIFT_VERSION = 5.0;
				TARGETED_DEVICE_FAMILY = "1,2";
			};
			name = Debug_Tests;
		};
		AA2E89112A0D884A004A27BD /* Debug */ = {
			isa = XCBuildConfiguration;
			buildSettings = {
				ASSETCATALOG_COMPILER_GLOBAL_ACCENT_COLOR_NAME = AccentColor;
				ASSETCATALOG_COMPILER_WIDGET_BACKGROUND_COLOR_NAME = WidgetBackground;
				CLANG_CXX_LANGUAGE_STANDARD = "gnu++20";
				CODE_SIGN_ENTITLEMENTS = ItemWidgets/ItemWidgets.entitlements;
				CODE_SIGN_IDENTITY = "Apple Development";
				CODE_SIGN_STYLE = Automatic;
				CURRENT_PROJECT_VERSION = 1;
				DEVELOPMENT_TEAM = 43AQ936H96;
				GENERATE_INFOPLIST_FILE = YES;
				INFOPLIST_FILE = ItemWidgets/Info.plist;
				INFOPLIST_KEY_CFBundleDisplayName = ItemWidgets;
				INFOPLIST_KEY_NSHumanReadableCopyright = "";
				IPHONEOS_DEPLOYMENT_TARGET = 17.0;
				LD_RUNPATH_SEARCH_PATHS = (
					"$(inherited)",
					"@executable_path/Frameworks",
					"@executable_path/../../Frameworks",
				);
				MACOSX_DEPLOYMENT_TARGET = 14.0;
				MARKETING_VERSION = 8.24.0;
				PRODUCT_BUNDLE_IDENTIFIER = "com.ideashower.ReadItLaterPro.Widget-Extension";
				PRODUCT_NAME = "$(TARGET_NAME)";
				SDKROOT = iphoneos;
				SKIP_INSTALL = YES;
				SWIFT_EMIT_LOC_STRINGS = YES;
				SWIFT_VERSION = 5.0;
				TARGETED_DEVICE_FAMILY = "1,2";
			};
			name = Debug;
		};
		AA2E89122A0D884A004A27BD /* Debug_Tests */ = {
			isa = XCBuildConfiguration;
			buildSettings = {
				ASSETCATALOG_COMPILER_GLOBAL_ACCENT_COLOR_NAME = AccentColor;
				ASSETCATALOG_COMPILER_WIDGET_BACKGROUND_COLOR_NAME = WidgetBackground;
				CLANG_CXX_LANGUAGE_STANDARD = "gnu++20";
				CODE_SIGN_ENTITLEMENTS = ItemWidgets/ItemWidgets.entitlements;
				CODE_SIGN_IDENTITY = "Apple Development";
				CODE_SIGN_STYLE = Automatic;
				CURRENT_PROJECT_VERSION = 1;
				DEVELOPMENT_TEAM = 43AQ936H96;
				GENERATE_INFOPLIST_FILE = YES;
				INFOPLIST_FILE = ItemWidgets/Info.plist;
				INFOPLIST_KEY_CFBundleDisplayName = ItemWidgets;
				INFOPLIST_KEY_NSHumanReadableCopyright = "";
				IPHONEOS_DEPLOYMENT_TARGET = 17.0;
				LD_RUNPATH_SEARCH_PATHS = (
					"$(inherited)",
					"@executable_path/Frameworks",
					"@executable_path/../../Frameworks",
				);
				MACOSX_DEPLOYMENT_TARGET = 14.0;
				MARKETING_VERSION = 8.24.0;
				PRODUCT_BUNDLE_IDENTIFIER = "com.ideashower.ReadItLaterPro.Widget-Extension";
				PRODUCT_NAME = "$(TARGET_NAME)";
				SDKROOT = iphoneos;
				SKIP_INSTALL = YES;
				SWIFT_EMIT_LOC_STRINGS = YES;
				SWIFT_VERSION = 5.0;
				TARGETED_DEVICE_FAMILY = "1,2";
			};
			name = Debug_Tests;
		};
		AA2E89142A0D884A004A27BD /* Release */ = {
			isa = XCBuildConfiguration;
			buildSettings = {
				ASSETCATALOG_COMPILER_GLOBAL_ACCENT_COLOR_NAME = AccentColor;
				ASSETCATALOG_COMPILER_WIDGET_BACKGROUND_COLOR_NAME = WidgetBackground;
				CLANG_CXX_LANGUAGE_STANDARD = "gnu++20";
				CODE_SIGN_ENTITLEMENTS = ItemWidgets/ItemWidgets.entitlements;
				CODE_SIGN_IDENTITY = "iPhone Distribution";
				CODE_SIGN_STYLE = Manual;
				CURRENT_PROJECT_VERSION = 1;
				DEVELOPMENT_TEAM = 43AQ936H96;
				GENERATE_INFOPLIST_FILE = YES;
				INFOPLIST_FILE = ItemWidgets/Info.plist;
				INFOPLIST_KEY_CFBundleDisplayName = ItemWidgets;
				INFOPLIST_KEY_NSHumanReadableCopyright = "";
				IPHONEOS_DEPLOYMENT_TARGET = 17.0;
				LD_RUNPATH_SEARCH_PATHS = (
					"$(inherited)",
					"@executable_path/Frameworks",
					"@executable_path/../../Frameworks",
				);
				MACOSX_DEPLOYMENT_TARGET = 14.0;
				MARKETING_VERSION = 8.24.0;
				PRODUCT_BUNDLE_IDENTIFIER = "com.ideashower.ReadItLaterPro.Widget-Extension";
				PRODUCT_NAME = "$(TARGET_NAME)";
				PROVISIONING_PROFILE_SPECIFIER = "Bitrise com.ideashower.ReadItLaterPro.Widget-Exten";
				SDKROOT = iphoneos;
				SKIP_INSTALL = YES;
				SWIFT_EMIT_LOC_STRINGS = YES;
				SWIFT_VERSION = 5.0;
				TARGETED_DEVICE_FAMILY = "1,2";
				VALIDATE_PRODUCT = YES;
			};
			name = Release;
		};
		F204A76C27E22EC50010E155 /* Debug */ = {
			isa = XCBuildConfiguration;
			buildSettings = {
				CLANG_CXX_LANGUAGE_STANDARD = "gnu++17";
				CLANG_ENABLE_MODULES = YES;
				CODE_SIGN_ENTITLEMENTS = SaveToPocket/SaveToPocket.entitlements;
				CODE_SIGN_IDENTITY = "Apple Development";
				CODE_SIGN_STYLE = Automatic;
				DEVELOPMENT_TEAM = 43AQ936H96;
				ENABLE_BITCODE = NO;
				GENERATE_INFOPLIST_FILE = YES;
				INFOPLIST_FILE = "$(TARGET_NAME)/Info.plist";
				INFOPLIST_KEY_CFBundleDisplayName = "Save to Pocket";
				INFOPLIST_KEY_NSHumanReadableCopyright = "";
				IPHONEOS_DEPLOYMENT_TARGET = 17.0;
				LD_RUNPATH_SEARCH_PATHS = (
					"$(inherited)",
					"@executable_path/Frameworks",
					"@executable_path/../../Frameworks",
				);
				MACOSX_DEPLOYMENT_TARGET = 14.0;
				MARKETING_VERSION = 8.24.0;
				PRODUCT_BUNDLE_IDENTIFIER = com.ideashower.ReadItLaterPro.AddToPocketExtension;
				PRODUCT_NAME = "$(TARGET_NAME)";
				PROVISIONING_PROFILE_SPECIFIER = "";
				SDKROOT = iphoneos;
				SKIP_INSTALL = YES;
				SWIFT_EMIT_LOC_STRINGS = YES;
				SWIFT_OPTIMIZATION_LEVEL = "-Onone";
				SWIFT_VERSION = 5.0;
				TARGETED_DEVICE_FAMILY = "1,2";
			};
			name = Debug;
		};
		F204A76D27E22EC50010E155 /* Release */ = {
			isa = XCBuildConfiguration;
			buildSettings = {
				CLANG_CXX_LANGUAGE_STANDARD = "gnu++17";
				CLANG_ENABLE_MODULES = YES;
				CODE_SIGN_ENTITLEMENTS = SaveToPocket/SaveToPocket.entitlements;
				CODE_SIGN_IDENTITY = "iPhone Distribution";
				CODE_SIGN_STYLE = Manual;
				DEVELOPMENT_TEAM = 43AQ936H96;
				ENABLE_BITCODE = NO;
				GENERATE_INFOPLIST_FILE = YES;
				INFOPLIST_FILE = "$(TARGET_NAME)/Info.plist";
				INFOPLIST_KEY_CFBundleDisplayName = "Save to Pocket";
				INFOPLIST_KEY_NSHumanReadableCopyright = "";
				IPHONEOS_DEPLOYMENT_TARGET = 17.0;
				LD_RUNPATH_SEARCH_PATHS = (
					"$(inherited)",
					"@executable_path/Frameworks",
					"@executable_path/../../Frameworks",
				);
				MACOSX_DEPLOYMENT_TARGET = 14.0;
				MARKETING_VERSION = 8.24.0;
				PRODUCT_BUNDLE_IDENTIFIER = com.ideashower.ReadItLaterPro.AddToPocketExtension;
				PRODUCT_NAME = "$(TARGET_NAME)";
				PROVISIONING_PROFILE_SPECIFIER = "Bitrise com.ideashower.ReadItLaterPro.AddToPocketE";
				SDKROOT = iphoneos;
				SKIP_INSTALL = YES;
				SWIFT_EMIT_LOC_STRINGS = YES;
				SWIFT_VERSION = 5.0;
				TARGETED_DEVICE_FAMILY = "1,2";
				VALIDATE_PRODUCT = YES;
			};
			name = Release;
		};
/* End XCBuildConfiguration section */

/* Begin XCConfigurationList section */
		166A81A72637406B0015AA1D /* Build configuration list for PBXProject "Pocket" */ = {
			isa = XCConfigurationList;
			buildConfigurations = (
				166A81D82637406C0015AA1D /* Debug */,
				8A6EADDE29F87C2900355D92 /* Debug_Tests */,
				166A81D92637406C0015AA1D /* Release */,
			);
			defaultConfigurationIsVisible = 0;
			defaultConfigurationName = Release;
		};
		166A81DA2637406C0015AA1D /* Build configuration list for PBXNativeTarget "Pocket (iOS)" */ = {
			isa = XCConfigurationList;
			buildConfigurations = (
				166A81DB2637406C0015AA1D /* Debug */,
				8A6EADDF29F87C2900355D92 /* Debug_Tests */,
				166A81DC2637406C0015AA1D /* Release */,
			);
			defaultConfigurationIsVisible = 0;
			defaultConfigurationName = Release;
		};
		166A81E02637406C0015AA1D /* Build configuration list for PBXNativeTarget "Tests iOS" */ = {
			isa = XCConfigurationList;
			buildConfigurations = (
				166A81E12637406C0015AA1D /* Debug */,
				8A6EADE029F87C2900355D92 /* Debug_Tests */,
				166A81E22637406C0015AA1D /* Release */,
			);
			defaultConfigurationIsVisible = 0;
			defaultConfigurationName = Release;
		};
		650FECD328BA85F300A3CB0C /* Build configuration list for PBXNativeTarget "PushNotificationServiceExtension" */ = {
			isa = XCConfigurationList;
			buildConfigurations = (
				650FECD428BA85F300A3CB0C /* Debug */,
				8A6EADE229F87C2900355D92 /* Debug_Tests */,
				650FECD628BA85F300A3CB0C /* Release */,
			);
			defaultConfigurationIsVisible = 0;
			defaultConfigurationName = Release;
		};
		656A99E32B237F6400FCFDC4 /* Build configuration list for PBXNativeTarget "iMessageExtension" */ = {
			isa = XCConfigurationList;
			buildConfigurations = (
				656A99E42B237F6400FCFDC4 /* Debug */,
				656A99E52B237F6400FCFDC4 /* Debug_Tests */,
				656A99E62B237F6400FCFDC4 /* Release */,
			);
			defaultConfigurationIsVisible = 0;
			defaultConfigurationName = Release;
		};
		65EC273428BA8AD50075E1DF /* Build configuration list for PBXNativeTarget "PushNotificationStoryExtension" */ = {
			isa = XCConfigurationList;
			buildConfigurations = (
				65EC273528BA8AD50075E1DF /* Debug */,
				8A6EADE329F87C2900355D92 /* Debug_Tests */,
				65EC273728BA8AD50075E1DF /* Release */,
			);
			defaultConfigurationIsVisible = 0;
			defaultConfigurationName = Release;
		};
		AA2E89162A0D884A004A27BD /* Build configuration list for PBXNativeTarget "ItemWidgets" */ = {
			isa = XCConfigurationList;
			buildConfigurations = (
				AA2E89112A0D884A004A27BD /* Debug */,
				AA2E89122A0D884A004A27BD /* Debug_Tests */,
				AA2E89142A0D884A004A27BD /* Release */,
			);
			defaultConfigurationIsVisible = 0;
			defaultConfigurationName = Release;
		};
		F204A76E27E22EC50010E155 /* Build configuration list for PBXNativeTarget "SaveToPocket" */ = {
			isa = XCConfigurationList;
			buildConfigurations = (
				F204A76C27E22EC50010E155 /* Debug */,
				8A6EADE129F87C2900355D92 /* Debug_Tests */,
				F204A76D27E22EC50010E155 /* Release */,
			);
			defaultConfigurationIsVisible = 0;
			defaultConfigurationName = Release;
		};
/* End XCConfigurationList section */

/* Begin XCRemoteSwiftPackageReference section */
		3859089D29D35B2F00C8C17F /* XCRemoteSwiftPackageReference "ios_sdk" */ = {
			isa = XCRemoteSwiftPackageReference;
			repositoryURL = "https://github.com/adjust/ios_sdk";
			requirement = {
				kind = upToNextMajorVersion;
				minimumVersion = 4.38.3;
			};
		};
		650EEABA29F35499004D66BD /* XCRemoteSwiftPackageReference "apollo-ios" */ = {
			isa = XCRemoteSwiftPackageReference;
			repositoryURL = "https://github.com/apollographql/apollo-ios.git";
			requirement = {
				kind = upToNextMajorVersion;
				minimumVersion = 1.12.2;
			};
		};
		6547A0FD29F17AAF00F6FC6B /* XCRemoteSwiftPackageReference "Sails" */ = {
			isa = XCRemoteSwiftPackageReference;
			repositoryURL = "https://github.com/Pocket/Sails.git";
			requirement = {
				branch = master;
				kind = branch;
			};
		};
		AAB4F3A42BBCA6140047A003 /* XCRemoteSwiftPackageReference "braze-swift-sdk" */ = {
			isa = XCRemoteSwiftPackageReference;
			repositoryURL = "https://github.com/braze-inc/braze-swift-sdk.git";
			requirement = {
				kind = upToNextMajorVersion;
				minimumVersion = 9.3.0;
			};
		};
/* End XCRemoteSwiftPackageReference section */

/* Begin XCSwiftPackageProductDependency section */
		16BA7D6526851579009A17C1 /* PocketKit */ = {
			isa = XCSwiftPackageProductDependency;
			productName = PocketKit;
		};
		3859089E29D35B2F00C8C17F /* Adjust */ = {
			isa = XCSwiftPackageProductDependency;
			package = 3859089D29D35B2F00C8C17F /* XCRemoteSwiftPackageReference "ios_sdk" */;
			productName = Adjust;
		};
		385908A029D35B2F00C8C17F /* Criteo */ = {
			isa = XCSwiftPackageProductDependency;
			package = 3859089D29D35B2F00C8C17F /* XCRemoteSwiftPackageReference "ios_sdk" */;
			productName = Criteo;
		};
		385908A229D35B2F00C8C17F /* Sociomantic */ = {
			isa = XCSwiftPackageProductDependency;
			package = 3859089D29D35B2F00C8C17F /* XCRemoteSwiftPackageReference "ios_sdk" */;
			productName = Sociomantic;
		};
		385908A429D35B2F00C8C17F /* Trademob */ = {
			isa = XCSwiftPackageProductDependency;
			package = 3859089D29D35B2F00C8C17F /* XCRemoteSwiftPackageReference "ios_sdk" */;
			productName = Trademob;
		};
		385908A629D35B2F00C8C17F /* WebBridge */ = {
			isa = XCSwiftPackageProductDependency;
			package = 3859089D29D35B2F00C8C17F /* XCRemoteSwiftPackageReference "ios_sdk" */;
			productName = WebBridge;
		};
		650EEAB829F35395004D66BD /* PocketGraphTestMocks */ = {
			isa = XCSwiftPackageProductDependency;
			productName = PocketGraphTestMocks;
		};
		650EEABB29F35499004D66BD /* ApolloTestSupport */ = {
			isa = XCSwiftPackageProductDependency;
			package = 650EEABA29F35499004D66BD /* XCRemoteSwiftPackageReference "apollo-ios" */;
			productName = ApolloTestSupport;
		};
		6547A0FE29F1812E00F6FC6B /* Sails */ = {
			isa = XCSwiftPackageProductDependency;
			package = 6547A0FD29F17AAF00F6FC6B /* XCRemoteSwiftPackageReference "Sails" */;
			productName = Sails;
		};
		656A99E72B237FC500FCFDC4 /* PocketStickerKit */ = {
			isa = XCSwiftPackageProductDependency;
			productName = PocketStickerKit;
		};
		8A3B77BC29E0AEEB00AD71D0 /* PocketKit */ = {
			isa = XCSwiftPackageProductDependency;
			productName = PocketKit;
		};
		AA41DD8E2BD04EC9003CEDBF /* Textile */ = {
			isa = XCSwiftPackageProductDependency;
			productName = Textile;
		};
		AA41DD902BD04EF0003CEDBF /* Sync */ = {
			isa = XCSwiftPackageProductDependency;
			productName = Sync;
		};
		AAB4F3A52BBCA6140047A003 /* BrazeNotificationService */ = {
			isa = XCSwiftPackageProductDependency;
			package = AAB4F3A42BBCA6140047A003 /* XCRemoteSwiftPackageReference "braze-swift-sdk" */;
			productName = BrazeNotificationService;
		};
		AAB4F3A72BBCA6140047A003 /* BrazePushStory */ = {
			isa = XCSwiftPackageProductDependency;
			package = AAB4F3A42BBCA6140047A003 /* XCRemoteSwiftPackageReference "braze-swift-sdk" */;
			productName = BrazePushStory;
		};
		F2687E7227E28F0F00E43F09 /* SaveToPocketKit */ = {
			isa = XCSwiftPackageProductDependency;
			productName = SaveToPocketKit;
		};
/* End XCSwiftPackageProductDependency section */
	};
	rootObject = 166A81A42637406B0015AA1D /* Project object */;
}
